// !$*UTF8*$!
{
	archiveVersion = 1;
	classes = {
	};
	objectVersion = 46;
	objects = {

/* Begin PBXBuildFile section */
		E620597613CF690C00656735 /* UIKit.framework in Frameworks */ = {isa = PBXBuildFile; fileRef = E620597513CF690C00656735 /* UIKit.framework */; };
		E620597813CF690C00656735 /* Foundation.framework in Frameworks */ = {isa = PBXBuildFile; fileRef = E620597713CF690C00656735 /* Foundation.framework */; };
		E620597A13CF690C00656735 /* CoreGraphics.framework in Frameworks */ = {isa = PBXBuildFile; fileRef = E620597913CF690C00656735 /* CoreGraphics.framework */; };
		E620598013CF690C00656735 /* InfoPlist.strings in Resources */ = {isa = PBXBuildFile; fileRef = E620597E13CF690C00656735 /* InfoPlist.strings */; };
		E620598313CF690C00656735 /* main.m in Sources */ = {isa = PBXBuildFile; fileRef = E620598213CF690C00656735 /* main.m */; };
		E620598913CF690D00656735 /* MainWindow.xib in Resources */ = {isa = PBXBuildFile; fileRef = E620598713CF690D00656735 /* MainWindow.xib */; };
		E620599613CF690D00656735 /* UIKit.framework in Frameworks */ = {isa = PBXBuildFile; fileRef = E620597513CF690C00656735 /* UIKit.framework */; };
		E620599713CF690D00656735 /* Foundation.framework in Frameworks */ = {isa = PBXBuildFile; fileRef = E620597713CF690C00656735 /* Foundation.framework */; };
		E620599813CF690D00656735 /* CoreGraphics.framework in Frameworks */ = {isa = PBXBuildFile; fileRef = E620597913CF690C00656735 /* CoreGraphics.framework */; };
		E62059A013CF690D00656735 /* InfoPlist.strings in Resources */ = {isa = PBXBuildFile; fileRef = E620599E13CF690D00656735 /* InfoPlist.strings */; };
		E62059A313CF690D00656735 /* HorizontalScrollViewControllerTests.h in Resources */ = {isa = PBXBuildFile; fileRef = E62059A213CF690D00656735 /* HorizontalScrollViewControllerTests.h */; };
		E62059A513CF690D00656735 /* HorizontalScrollViewControllerTests.m in Sources */ = {isa = PBXBuildFile; fileRef = E62059A413CF690D00656735 /* HorizontalScrollViewControllerTests.m */; };
		E62059C613CF699400656735 /* libOCMock.a in Frameworks */ = {isa = PBXBuildFile; fileRef = E62059BF13CF699400656735 /* libOCMock.a */; };
		E62059F413CF702400656735 /* OrderedListDataSourceTests.m in Sources */ = {isa = PBXBuildFile; fileRef = E62059F313CF702400656735 /* OrderedListDataSourceTests.m */; };
		E67AD65E1469A80D00F972F6 /* TextnumbersDataSource.m in Sources */ = {isa = PBXBuildFile; fileRef = E67AD65D1469A80D00F972F6 /* TextnumbersDataSource.m */; };
		E67AD65F1469A80D00F972F6 /* TextnumbersDataSource.m in Sources */ = {isa = PBXBuildFile; fileRef = E67AD65D1469A80D00F972F6 /* TextnumbersDataSource.m */; };
		E67CB1AA1469472A0022FDCF /* HorizontalScrollViewController.m in Sources */ = {isa = PBXBuildFile; fileRef = E67CB1951469472A0022FDCF /* HorizontalScrollViewController.m */; };
		E67CB1AB1469472A0022FDCF /* HorizontalScrollViewController.m in Sources */ = {isa = PBXBuildFile; fileRef = E67CB1951469472A0022FDCF /* HorizontalScrollViewController.m */; };
		E67CB1AE1469472A0022FDCF /* OrderedListDataSource.m in Sources */ = {isa = PBXBuildFile; fileRef = E67CB19A1469472A0022FDCF /* OrderedListDataSource.m */; };
		E67CB1AF1469472A0022FDCF /* OrderedListDataSource.m in Sources */ = {isa = PBXBuildFile; fileRef = E67CB19A1469472A0022FDCF /* OrderedListDataSource.m */; };
		E67CB1B01469472A0022FDCF /* PageController.m in Sources */ = {isa = PBXBuildFile; fileRef = E67CB1A01469472A0022FDCF /* PageController.m */; };
		E67CB1B11469472A0022FDCF /* PageController.m in Sources */ = {isa = PBXBuildFile; fileRef = E67CB1A01469472A0022FDCF /* PageController.m */; };
		E67CB1B41469472A0022FDCF /* LoadingScreenViewController.m in Sources */ = {isa = PBXBuildFile; fileRef = E67CB1A61469472A0022FDCF /* LoadingScreenViewController.m */; };
		E67CB1B51469472A0022FDCF /* LoadingScreenViewController.m in Sources */ = {isa = PBXBuildFile; fileRef = E67CB1A61469472A0022FDCF /* LoadingScreenViewController.m */; };
		E67CB1B61469472A0022FDCF /* LoadingScreenViewController.xib in Resources */ = {isa = PBXBuildFile; fileRef = E67CB1A71469472A0022FDCF /* LoadingScreenViewController.xib */; };
		E67CB1B71469472A0022FDCF /* LoadingScreenViewController.xib in Resources */ = {isa = PBXBuildFile; fileRef = E67CB1A71469472A0022FDCF /* LoadingScreenViewController.xib */; };
		E67CB1B81469472A0022FDCF /* HorizontalScrollViewControllerAppDelegate.m in Sources */ = {isa = PBXBuildFile; fileRef = E67CB1A91469472A0022FDCF /* HorizontalScrollViewControllerAppDelegate.m */; };
		E67CB1B91469472A0022FDCF /* HorizontalScrollViewControllerAppDelegate.m in Sources */ = {isa = PBXBuildFile; fileRef = E67CB1A91469472A0022FDCF /* HorizontalScrollViewControllerAppDelegate.m */; };
		E67CB1BC146947970022FDCF /* NumbersDataSource.m in Sources */ = {isa = PBXBuildFile; fileRef = E67CB1BB146947970022FDCF /* NumbersDataSource.m */; };
		E67CB1BD146947970022FDCF /* NumbersDataSource.m in Sources */ = {isa = PBXBuildFile; fileRef = E67CB1BB146947970022FDCF /* NumbersDataSource.m */; };
		E6A0612513D3727E006EE5D0 /* MethodSwizzleHelper.m in Sources */ = {isa = PBXBuildFile; fileRef = E6A0612413D3727E006EE5D0 /* MethodSwizzleHelper.m */; };
		E6A0612913D373EA006EE5D0 /* MainScreenMock.m in Sources */ = {isa = PBXBuildFile; fileRef = E6A0612813D373EA006EE5D0 /* MainScreenMock.m */; };
		E6D94C0314694D1B00A37234 /* PurplePageController.m in Sources */ = {isa = PBXBuildFile; fileRef = E6D94C0214694D1B00A37234 /* PurplePageController.m */; };
		E6D94C0414694D1B00A37234 /* PurplePageController.m in Sources */ = {isa = PBXBuildFile; fileRef = E6D94C0214694D1B00A37234 /* PurplePageController.m */; };
		E6EC5A5813CF753300F85BA8 /* DataSourceDelegateMock.m in Sources */ = {isa = PBXBuildFile; fileRef = E6EC5A5713CF753200F85BA8 /* DataSourceDelegateMock.m */; };
		E6ECBF30146550A000B8B196 /* KWAfterAllNode.m in Sources */ = {isa = PBXBuildFile; fileRef = E6ECBEA0146550A000B8B196 /* KWAfterAllNode.m */; };
		E6ECBF31146550A000B8B196 /* KWAfterEachNode.m in Sources */ = {isa = PBXBuildFile; fileRef = E6ECBEA2146550A000B8B196 /* KWAfterEachNode.m */; };
		E6ECBF32146550A000B8B196 /* KWAsyncVerifier.m in Sources */ = {isa = PBXBuildFile; fileRef = E6ECBEA4146550A000B8B196 /* KWAsyncVerifier.m */; };
		E6ECBF33146550A000B8B196 /* KWBeBetweenMatcher.m in Sources */ = {isa = PBXBuildFile; fileRef = E6ECBEA6146550A000B8B196 /* KWBeBetweenMatcher.m */; };
		E6ECBF34146550A000B8B196 /* KWBeEmptyMatcher.m in Sources */ = {isa = PBXBuildFile; fileRef = E6ECBEA8146550A000B8B196 /* KWBeEmptyMatcher.m */; };
		E6ECBF35146550A000B8B196 /* KWBeforeAllNode.m in Sources */ = {isa = PBXBuildFile; fileRef = E6ECBEAA146550A000B8B196 /* KWBeforeAllNode.m */; };
		E6ECBF36146550A000B8B196 /* KWBeforeEachNode.m in Sources */ = {isa = PBXBuildFile; fileRef = E6ECBEAC146550A000B8B196 /* KWBeforeEachNode.m */; };
		E6ECBF37146550A000B8B196 /* KWBeIdenticalToMatcher.m in Sources */ = {isa = PBXBuildFile; fileRef = E6ECBEAE146550A000B8B196 /* KWBeIdenticalToMatcher.m */; };
		E6ECBF38146550A000B8B196 /* KWBeKindOfClassMatcher.m in Sources */ = {isa = PBXBuildFile; fileRef = E6ECBEB0146550A000B8B196 /* KWBeKindOfClassMatcher.m */; };
		E6ECBF39146550A000B8B196 /* KWBeMemberOfClassMatcher.m in Sources */ = {isa = PBXBuildFile; fileRef = E6ECBEB2146550A000B8B196 /* KWBeMemberOfClassMatcher.m */; };
		E6ECBF3A146550A000B8B196 /* KWBeNilMatcher.m in Sources */ = {isa = PBXBuildFile; fileRef = E6ECBEB4146550A000B8B196 /* KWBeNilMatcher.m */; };
		E6ECBF3B146550A000B8B196 /* KWBeNonNilMatcher.m in Sources */ = {isa = PBXBuildFile; fileRef = E6ECBEB6146550A000B8B196 /* KWBeNonNilMatcher.m */; };
		E6ECBF3C146550A000B8B196 /* KWBeTrueMatcher.m in Sources */ = {isa = PBXBuildFile; fileRef = E6ECBEB8146550A000B8B196 /* KWBeTrueMatcher.m */; };
		E6ECBF3D146550A000B8B196 /* KWBeWithinMatcher.m in Sources */ = {isa = PBXBuildFile; fileRef = E6ECBEBA146550A000B8B196 /* KWBeWithinMatcher.m */; };
		E6ECBF3E146550A000B8B196 /* KWBeZeroMatcher.m in Sources */ = {isa = PBXBuildFile; fileRef = E6ECBEBC146550A000B8B196 /* KWBeZeroMatcher.m */; };
		E6ECBF3F146550A000B8B196 /* KWBlock.m in Sources */ = {isa = PBXBuildFile; fileRef = E6ECBEBE146550A000B8B196 /* KWBlock.m */; };
		E6ECBF40146550A000B8B196 /* KWBlockNode.m in Sources */ = {isa = PBXBuildFile; fileRef = E6ECBEC0146550A000B8B196 /* KWBlockNode.m */; };
		E6ECBF41146550A000B8B196 /* KWBlockRaiseMatcher.m in Sources */ = {isa = PBXBuildFile; fileRef = E6ECBEC2146550A000B8B196 /* KWBlockRaiseMatcher.m */; };
		E6ECBF42146550A000B8B196 /* KWCallSite.m in Sources */ = {isa = PBXBuildFile; fileRef = E6ECBEC4146550A000B8B196 /* KWCallSite.m */; };
		E6ECBF43146550A000B8B196 /* KWConformToProtocolMatcher.m in Sources */ = {isa = PBXBuildFile; fileRef = E6ECBEC6146550A000B8B196 /* KWConformToProtocolMatcher.m */; };
		E6ECBF44146550A000B8B196 /* KWContainMatcher.m in Sources */ = {isa = PBXBuildFile; fileRef = E6ECBEC8146550A000B8B196 /* KWContainMatcher.m */; };
		E6ECBF45146550A000B8B196 /* KWContextNode.m in Sources */ = {isa = PBXBuildFile; fileRef = E6ECBECA146550A000B8B196 /* KWContextNode.m */; };
		E6ECBF46146550A000B8B196 /* KWDeviceInfo.m in Sources */ = {isa = PBXBuildFile; fileRef = E6ECBECD146550A000B8B196 /* KWDeviceInfo.m */; };
		E6ECBF47146550A000B8B196 /* KWEqualMatcher.m in Sources */ = {isa = PBXBuildFile; fileRef = E6ECBECF146550A000B8B196 /* KWEqualMatcher.m */; };
		E6ECBF48146550A000B8B196 /* KWExampleGroup.m in Sources */ = {isa = PBXBuildFile; fileRef = E6ECBED1146550A000B8B196 /* KWExampleGroup.m */; };
		E6ECBF49146550A000B8B196 /* KWExampleGroupBuilder.m in Sources */ = {isa = PBXBuildFile; fileRef = E6ECBED3146550A000B8B196 /* KWExampleGroupBuilder.m */; };
		E6ECBF4A146550A000B8B196 /* KWExistVerifier.m in Sources */ = {isa = PBXBuildFile; fileRef = E6ECBED8146550A000B8B196 /* KWExistVerifier.m */; };
		E6ECBF4B146550A000B8B196 /* KWFailure.m in Sources */ = {isa = PBXBuildFile; fileRef = E6ECBEDB146550A000B8B196 /* KWFailure.m */; };
		E6ECBF4C146550A000B8B196 /* KWFormatter.m in Sources */ = {isa = PBXBuildFile; fileRef = E6ECBEDD146550A000B8B196 /* KWFormatter.m */; };
		E6ECBF4D146550A000B8B196 /* KWFutureObject.m in Sources */ = {isa = PBXBuildFile; fileRef = E6ECBEDF146550A000B8B196 /* KWFutureObject.m */; };
		E6ECBF4E146550A000B8B196 /* KWHamcrestMatcher.m in Sources */ = {isa = PBXBuildFile; fileRef = E6ECBEE1146550A000B8B196 /* KWHamcrestMatcher.m */; };
		E6ECBF4F146550A000B8B196 /* KWHamrestMatchingAdditions.m in Sources */ = {isa = PBXBuildFile; fileRef = E6ECBEE3146550A000B8B196 /* KWHamrestMatchingAdditions.m */; };
		E6ECBF50146550A000B8B196 /* KWHaveMatcher.m in Sources */ = {isa = PBXBuildFile; fileRef = E6ECBEE5146550A000B8B196 /* KWHaveMatcher.m */; };
		E6ECBF51146550A000B8B196 /* KWHaveValueMatcher.m in Sources */ = {isa = PBXBuildFile; fileRef = E6ECBEE7146550A000B8B196 /* KWHaveValueMatcher.m */; };
		E6ECBF52146550A000B8B196 /* KWInequalityMatcher.m in Sources */ = {isa = PBXBuildFile; fileRef = E6ECBEEA146550A000B8B196 /* KWInequalityMatcher.m */; };
		E6ECBF53146550A000B8B196 /* KWIntercept.m in Sources */ = {isa = PBXBuildFile; fileRef = E6ECBEEC146550A000B8B196 /* KWIntercept.m */; };
		E6ECBF54146550A000B8B196 /* KWInvocationCapturer.m in Sources */ = {isa = PBXBuildFile; fileRef = E6ECBEEE146550A000B8B196 /* KWInvocationCapturer.m */; };
		E6ECBF55146550A000B8B196 /* KWItNode.m in Sources */ = {isa = PBXBuildFile; fileRef = E6ECBEF0146550A000B8B196 /* KWItNode.m */; };
		E6ECBF56146550A000B8B196 /* KWMatcher.m in Sources */ = {isa = PBXBuildFile; fileRef = E6ECBEF2146550A000B8B196 /* KWMatcher.m */; };
		E6ECBF57146550A000B8B196 /* KWMatcherFactory.m in Sources */ = {isa = PBXBuildFile; fileRef = E6ECBEF4146550A000B8B196 /* KWMatcherFactory.m */; };
		E6ECBF58146550A000B8B196 /* KWMatchers.m in Sources */ = {isa = PBXBuildFile; fileRef = E6ECBEF6146550A000B8B196 /* KWMatchers.m */; };
		E6ECBF59146550A000B8B196 /* KWMatchVerifier.m in Sources */ = {isa = PBXBuildFile; fileRef = E6ECBEF9146550A000B8B196 /* KWMatchVerifier.m */; };
		E6ECBF5A146550A000B8B196 /* KWMessagePattern.m in Sources */ = {isa = PBXBuildFile; fileRef = E6ECBEFB146550A000B8B196 /* KWMessagePattern.m */; };
		E6ECBF5B146550A000B8B196 /* KWMessageTracker.m in Sources */ = {isa = PBXBuildFile; fileRef = E6ECBEFE146550A000B8B196 /* KWMessageTracker.m */; };
		E6ECBF5C146550A000B8B196 /* KWMock.m in Sources */ = {isa = PBXBuildFile; fileRef = E6ECBF00146550A000B8B196 /* KWMock.m */; };
		E6ECBF5D146550A000B8B196 /* KWNull.m in Sources */ = {isa = PBXBuildFile; fileRef = E6ECBF02146550A000B8B196 /* KWNull.m */; };
		E6ECBF5E146550A000B8B196 /* KWObjCUtilities.m in Sources */ = {isa = PBXBuildFile; fileRef = E6ECBF04146550A000B8B196 /* KWObjCUtilities.m */; };
		E6ECBF5F146550A000B8B196 /* KWPendingNode.m in Sources */ = {isa = PBXBuildFile; fileRef = E6ECBF06146550A000B8B196 /* KWPendingNode.m */; };
		E6ECBF60146550A000B8B196 /* KWProbePoller.m in Sources */ = {isa = PBXBuildFile; fileRef = E6ECBF09146550A000B8B196 /* KWProbePoller.m */; };
		E6ECBF61146550A000B8B196 /* KWRaiseMatcher.m in Sources */ = {isa = PBXBuildFile; fileRef = E6ECBF0B146550A000B8B196 /* KWRaiseMatcher.m */; };
		E6ECBF62146550A000B8B196 /* KWReceiveMatcher.m in Sources */ = {isa = PBXBuildFile; fileRef = E6ECBF0D146550A000B8B196 /* KWReceiveMatcher.m */; };
		E6ECBF63146550A000B8B196 /* KWRegisterMatchersNode.m in Sources */ = {isa = PBXBuildFile; fileRef = E6ECBF0F146550A000B8B196 /* KWRegisterMatchersNode.m */; };
		E6ECBF64146550A000B8B196 /* KWRespondToSelectorMatcher.m in Sources */ = {isa = PBXBuildFile; fileRef = E6ECBF12146550A000B8B196 /* KWRespondToSelectorMatcher.m */; };
		E6ECBF65146550A000B8B196 /* KWSpec.m in Sources */ = {isa = PBXBuildFile; fileRef = E6ECBF14146550A000B8B196 /* KWSpec.m */; };
		E6ECBF66146550A000B8B196 /* KWStringUtilities.m in Sources */ = {isa = PBXBuildFile; fileRef = E6ECBF16146550A000B8B196 /* KWStringUtilities.m */; };
		E6ECBF67146550A000B8B196 /* KWStub.m in Sources */ = {isa = PBXBuildFile; fileRef = E6ECBF18146550A000B8B196 /* KWStub.m */; };
		E6ECBF68146550A000B8B196 /* KWTestCase.m in Sources */ = {isa = PBXBuildFile; fileRef = E6ECBF1A146550A000B8B196 /* KWTestCase.m */; };
		E6ECBF69146550A000B8B196 /* KWUserDefinedMatcher.m in Sources */ = {isa = PBXBuildFile; fileRef = E6ECBF1C146550A000B8B196 /* KWUserDefinedMatcher.m */; };
		E6ECBF6A146550A000B8B196 /* KWValue.m in Sources */ = {isa = PBXBuildFile; fileRef = E6ECBF1E146550A000B8B196 /* KWValue.m */; };
		E6ECBF6B146550A000B8B196 /* KWWorkarounds.m in Sources */ = {isa = PBXBuildFile; fileRef = E6ECBF21146550A000B8B196 /* KWWorkarounds.m */; };
		E6ECBF6C146550A000B8B196 /* NSInvocation+KiwiAdditions.m in Sources */ = {isa = PBXBuildFile; fileRef = E6ECBF23146550A000B8B196 /* NSInvocation+KiwiAdditions.m */; };
		E6ECBF6D146550A000B8B196 /* NSMethodSignature+KiwiAdditions.m in Sources */ = {isa = PBXBuildFile; fileRef = E6ECBF25146550A000B8B196 /* NSMethodSignature+KiwiAdditions.m */; };
		E6ECBF6E146550A000B8B196 /* NSNumber+KiwiAdditions.m in Sources */ = {isa = PBXBuildFile; fileRef = E6ECBF27146550A000B8B196 /* NSNumber+KiwiAdditions.m */; };
		E6ECBF6F146550A000B8B196 /* NSObject+KiwiMockAdditions.m in Sources */ = {isa = PBXBuildFile; fileRef = E6ECBF29146550A000B8B196 /* NSObject+KiwiMockAdditions.m */; };
		E6ECBF70146550A000B8B196 /* NSObject+KiwiStubAdditions.m in Sources */ = {isa = PBXBuildFile; fileRef = E6ECBF2B146550A000B8B196 /* NSObject+KiwiStubAdditions.m */; };
		E6ECBF71146550A000B8B196 /* NSObject+KiwiVerifierAdditions.m in Sources */ = {isa = PBXBuildFile; fileRef = E6ECBF2D146550A000B8B196 /* NSObject+KiwiVerifierAdditions.m */; };
		E6ECBF72146550A000B8B196 /* NSValue+KiwiAdditions.m in Sources */ = {isa = PBXBuildFile; fileRef = E6ECBF2F146550A000B8B196 /* NSValue+KiwiAdditions.m */; };
		E6ECBF751465513C00B8B196 /* PageControllerSpec.m in Sources */ = {isa = PBXBuildFile; fileRef = E6ECBF741465513C00B8B196 /* PageControllerSpec.m */; };
		E6ECBF7A1465620200B8B196 /* HorizontalScrollViewControllerSpec.m in Sources */ = {isa = PBXBuildFile; fileRef = E6ECBF791465620200B8B196 /* HorizontalScrollViewControllerSpec.m */; };
/* End PBXBuildFile section */

/* Begin PBXContainerItemProxy section */
		E620599913CF690D00656735 /* PBXContainerItemProxy */ = {
			isa = PBXContainerItemProxy;
			containerPortal = E620596813CF690C00656735 /* Project object */;
			proxyType = 1;
			remoteGlobalIDString = E620597013CF690C00656735;
			remoteInfo = HorizontalScrollViewController;
		};
/* End PBXContainerItemProxy section */

/* Begin PBXFileReference section */
		E620597113CF690C00656735 /* HorizontalScrollViewController.app */ = {isa = PBXFileReference; explicitFileType = wrapper.application; includeInIndex = 0; path = HorizontalScrollViewController.app; sourceTree = BUILT_PRODUCTS_DIR; };
		E620597513CF690C00656735 /* UIKit.framework */ = {isa = PBXFileReference; lastKnownFileType = wrapper.framework; name = UIKit.framework; path = System/Library/Frameworks/UIKit.framework; sourceTree = SDKROOT; };
		E620597713CF690C00656735 /* Foundation.framework */ = {isa = PBXFileReference; lastKnownFileType = wrapper.framework; name = Foundation.framework; path = System/Library/Frameworks/Foundation.framework; sourceTree = SDKROOT; };
		E620597913CF690C00656735 /* CoreGraphics.framework */ = {isa = PBXFileReference; lastKnownFileType = wrapper.framework; name = CoreGraphics.framework; path = System/Library/Frameworks/CoreGraphics.framework; sourceTree = SDKROOT; };
		E620597D13CF690C00656735 /* HorizontalScrollViewController-Info.plist */ = {isa = PBXFileReference; lastKnownFileType = text.plist.xml; path = "HorizontalScrollViewController-Info.plist"; sourceTree = "<group>"; };
		E620597F13CF690C00656735 /* en */ = {isa = PBXFileReference; lastKnownFileType = text.plist.strings; name = en; path = en.lproj/InfoPlist.strings; sourceTree = "<group>"; };
		E620598113CF690C00656735 /* HorizontalScrollViewController-Prefix.pch */ = {isa = PBXFileReference; lastKnownFileType = sourcecode.c.h; path = "HorizontalScrollViewController-Prefix.pch"; sourceTree = "<group>"; };
		E620598213CF690C00656735 /* main.m */ = {isa = PBXFileReference; lastKnownFileType = sourcecode.c.objc; path = main.m; sourceTree = "<group>"; };
		E620598813CF690D00656735 /* en */ = {isa = PBXFileReference; lastKnownFileType = file.xib; name = en; path = en.lproj/MainWindow.xib; sourceTree = "<group>"; };
		E620599513CF690D00656735 /* HorizontalScrollViewControllerTests.octest */ = {isa = PBXFileReference; explicitFileType = wrapper.cfbundle; includeInIndex = 0; path = HorizontalScrollViewControllerTests.octest; sourceTree = BUILT_PRODUCTS_DIR; };
		E620599D13CF690D00656735 /* HorizontalScrollViewControllerTests-Info.plist */ = {isa = PBXFileReference; lastKnownFileType = text.plist.xml; path = "HorizontalScrollViewControllerTests-Info.plist"; sourceTree = "<group>"; };
		E620599F13CF690D00656735 /* en */ = {isa = PBXFileReference; lastKnownFileType = text.plist.strings; name = en; path = en.lproj/InfoPlist.strings; sourceTree = "<group>"; };
		E62059A113CF690D00656735 /* HorizontalScrollViewControllerTests-Prefix.pch */ = {isa = PBXFileReference; lastKnownFileType = sourcecode.c.h; path = "HorizontalScrollViewControllerTests-Prefix.pch"; sourceTree = "<group>"; };
		E62059A213CF690D00656735 /* HorizontalScrollViewControllerTests.h */ = {isa = PBXFileReference; lastKnownFileType = sourcecode.c.h; path = HorizontalScrollViewControllerTests.h; sourceTree = "<group>"; };
		E62059A413CF690D00656735 /* HorizontalScrollViewControllerTests.m */ = {isa = PBXFileReference; lastKnownFileType = sourcecode.c.objc; path = HorizontalScrollViewControllerTests.m; sourceTree = "<group>"; };
		E62059BF13CF699400656735 /* libOCMock.a */ = {isa = PBXFileReference; lastKnownFileType = archive.ar; path = libOCMock.a; sourceTree = "<group>"; };
		E62059C013CF699400656735 /* NSNotificationCenter+OCMAdditions.h */ = {isa = PBXFileReference; fileEncoding = 4; lastKnownFileType = sourcecode.c.h; path = "NSNotificationCenter+OCMAdditions.h"; sourceTree = "<group>"; };
		E62059C113CF699400656735 /* OCMArg.h */ = {isa = PBXFileReference; fileEncoding = 4; lastKnownFileType = sourcecode.c.h; path = OCMArg.h; sourceTree = "<group>"; };
		E62059C213CF699400656735 /* OCMConstraint.h */ = {isa = PBXFileReference; fileEncoding = 4; lastKnownFileType = sourcecode.c.h; path = OCMConstraint.h; sourceTree = "<group>"; };
		E62059C313CF699400656735 /* OCMock.h */ = {isa = PBXFileReference; fileEncoding = 4; lastKnownFileType = sourcecode.c.h; path = OCMock.h; sourceTree = "<group>"; };
		E62059C413CF699400656735 /* OCMockObject.h */ = {isa = PBXFileReference; fileEncoding = 4; lastKnownFileType = sourcecode.c.h; path = OCMockObject.h; sourceTree = "<group>"; };
		E62059C513CF699400656735 /* OCMockRecorder.h */ = {isa = PBXFileReference; fileEncoding = 4; lastKnownFileType = sourcecode.c.h; path = OCMockRecorder.h; sourceTree = "<group>"; };
		E62059F213CF702400656735 /* OrderedListDataSourceTests.h */ = {isa = PBXFileReference; fileEncoding = 4; lastKnownFileType = sourcecode.c.h; path = OrderedListDataSourceTests.h; sourceTree = "<group>"; };
		E62059F313CF702400656735 /* OrderedListDataSourceTests.m */ = {isa = PBXFileReference; fileEncoding = 4; lastKnownFileType = sourcecode.c.objc; path = OrderedListDataSourceTests.m; sourceTree = "<group>"; };
		E67AD65C1469A80D00F972F6 /* TextnumbersDataSource.h */ = {isa = PBXFileReference; fileEncoding = 4; lastKnownFileType = sourcecode.c.h; path = TextnumbersDataSource.h; sourceTree = "<group>"; };
		E67AD65D1469A80D00F972F6 /* TextnumbersDataSource.m */ = {isa = PBXFileReference; fileEncoding = 4; lastKnownFileType = sourcecode.c.objc; path = TextnumbersDataSource.m; sourceTree = "<group>"; };
		E67CB1941469472A0022FDCF /* HorizontalScrollViewController.h */ = {isa = PBXFileReference; fileEncoding = 4; lastKnownFileType = sourcecode.c.h; path = HorizontalScrollViewController.h; sourceTree = "<group>"; };
		E67CB1951469472A0022FDCF /* HorizontalScrollViewController.m */ = {isa = PBXFileReference; fileEncoding = 4; lastKnownFileType = sourcecode.c.objc; path = HorizontalScrollViewController.m; sourceTree = "<group>"; };
		E67CB1991469472A0022FDCF /* OrderedListDataSource.h */ = {isa = PBXFileReference; fileEncoding = 4; lastKnownFileType = sourcecode.c.h; path = OrderedListDataSource.h; sourceTree = "<group>"; };
		E67CB19A1469472A0022FDCF /* OrderedListDataSource.m */ = {isa = PBXFileReference; fileEncoding = 4; lastKnownFileType = sourcecode.c.objc; path = OrderedListDataSource.m; sourceTree = "<group>"; };
		E67CB19B1469472A0022FDCF /* OrderedListDataSourceDelegateProtocol.h */ = {isa = PBXFileReference; fileEncoding = 4; lastKnownFileType = sourcecode.c.h; path = OrderedListDataSourceDelegateProtocol.h; sourceTree = "<group>"; };
		E67CB19C1469472A0022FDCF /* OrderedListDataSourceProtocol.h */ = {isa = PBXFileReference; fileEncoding = 4; lastKnownFileType = sourcecode.c.h; path = OrderedListDataSourceProtocol.h; sourceTree = "<group>"; };
		E67CB19F1469472A0022FDCF /* PageController.h */ = {isa = PBXFileReference; fileEncoding = 4; lastKnownFileType = sourcecode.c.h; path = PageController.h; sourceTree = "<group>"; };
		E67CB1A01469472A0022FDCF /* PageController.m */ = {isa = PBXFileReference; fileEncoding = 4; lastKnownFileType = sourcecode.c.objc; path = PageController.m; sourceTree = "<group>"; };
		E67CB1A51469472A0022FDCF /* LoadingScreenViewController.h */ = {isa = PBXFileReference; fileEncoding = 4; lastKnownFileType = sourcecode.c.h; path = LoadingScreenViewController.h; sourceTree = "<group>"; };
		E67CB1A61469472A0022FDCF /* LoadingScreenViewController.m */ = {isa = PBXFileReference; fileEncoding = 4; lastKnownFileType = sourcecode.c.objc; path = LoadingScreenViewController.m; sourceTree = "<group>"; };
		E67CB1A71469472A0022FDCF /* LoadingScreenViewController.xib */ = {isa = PBXFileReference; fileEncoding = 4; lastKnownFileType = file.xib; path = LoadingScreenViewController.xib; sourceTree = "<group>"; };
		E67CB1A81469472A0022FDCF /* HorizontalScrollViewControllerAppDelegate.h */ = {isa = PBXFileReference; fileEncoding = 4; lastKnownFileType = sourcecode.c.h; name = HorizontalScrollViewControllerAppDelegate.h; path = Classes/HorizontalScrollViewControllerAppDelegate.h; sourceTree = "<group>"; };
		E67CB1A91469472A0022FDCF /* HorizontalScrollViewControllerAppDelegate.m */ = {isa = PBXFileReference; fileEncoding = 4; lastKnownFileType = sourcecode.c.objc; name = HorizontalScrollViewControllerAppDelegate.m; path = Classes/HorizontalScrollViewControllerAppDelegate.m; sourceTree = "<group>"; };
		E67CB1BA146947970022FDCF /* NumbersDataSource.h */ = {isa = PBXFileReference; fileEncoding = 4; lastKnownFileType = sourcecode.c.h; name = NumbersDataSource.h; path = Classes/NumbersDataSource.h; sourceTree = "<group>"; };
		E67CB1BB146947970022FDCF /* NumbersDataSource.m */ = {isa = PBXFileReference; fileEncoding = 4; lastKnownFileType = sourcecode.c.objc; name = NumbersDataSource.m; path = Classes/NumbersDataSource.m; sourceTree = "<group>"; };
		E67CB1BE146947D30022FDCF /* CustomViewControllerProtocol.h */ = {isa = PBXFileReference; fileEncoding = 4; lastKnownFileType = sourcecode.c.h; path = CustomViewControllerProtocol.h; sourceTree = "<group>"; };
		E6A0612313D3727E006EE5D0 /* MethodSwizzleHelper.h */ = {isa = PBXFileReference; fileEncoding = 4; lastKnownFileType = sourcecode.c.h; path = MethodSwizzleHelper.h; sourceTree = "<group>"; };
		E6A0612413D3727E006EE5D0 /* MethodSwizzleHelper.m */ = {isa = PBXFileReference; fileEncoding = 4; lastKnownFileType = sourcecode.c.objc; path = MethodSwizzleHelper.m; sourceTree = "<group>"; };
		E6A0612713D373EA006EE5D0 /* MainScreenMock.h */ = {isa = PBXFileReference; fileEncoding = 4; lastKnownFileType = sourcecode.c.h; path = MainScreenMock.h; sourceTree = "<group>"; };
		E6A0612813D373EA006EE5D0 /* MainScreenMock.m */ = {isa = PBXFileReference; fileEncoding = 4; lastKnownFileType = sourcecode.c.objc; path = MainScreenMock.m; sourceTree = "<group>"; };
		E6D94C0114694D1B00A37234 /* PurplePageController.h */ = {isa = PBXFileReference; fileEncoding = 4; lastKnownFileType = sourcecode.c.h; name = PurplePageController.h; path = Classes/PurplePageController.h; sourceTree = "<group>"; };
		E6D94C0214694D1B00A37234 /* PurplePageController.m */ = {isa = PBXFileReference; fileEncoding = 4; lastKnownFileType = sourcecode.c.objc; name = PurplePageController.m; path = Classes/PurplePageController.m; sourceTree = "<group>"; };
		E6EC5A5613CF753200F85BA8 /* DataSourceDelegateMock.h */ = {isa = PBXFileReference; fileEncoding = 4; lastKnownFileType = sourcecode.c.h; path = DataSourceDelegateMock.h; sourceTree = "<group>"; };
		E6EC5A5713CF753200F85BA8 /* DataSourceDelegateMock.m */ = {isa = PBXFileReference; fileEncoding = 4; lastKnownFileType = sourcecode.c.objc; path = DataSourceDelegateMock.m; sourceTree = "<group>"; };
		E6ECBE9A146550A000B8B196 /* Kiwi.h */ = {isa = PBXFileReference; fileEncoding = 4; lastKnownFileType = sourcecode.c.h; path = Kiwi.h; sourceTree = "<group>"; };
		E6ECBE9B146550A000B8B196 /* KiwiBlockMacros.h */ = {isa = PBXFileReference; fileEncoding = 4; lastKnownFileType = sourcecode.c.h; path = KiwiBlockMacros.h; sourceTree = "<group>"; };
		E6ECBE9C146550A000B8B196 /* KiwiConfiguration.h */ = {isa = PBXFileReference; fileEncoding = 4; lastKnownFileType = sourcecode.c.h; path = KiwiConfiguration.h; sourceTree = "<group>"; };
		E6ECBE9D146550A000B8B196 /* KiwiMacros.h */ = {isa = PBXFileReference; fileEncoding = 4; lastKnownFileType = sourcecode.c.h; path = KiwiMacros.h; sourceTree = "<group>"; };
		E6ECBE9E146550A000B8B196 /* KiwiNewMacros.h */ = {isa = PBXFileReference; fileEncoding = 4; lastKnownFileType = sourcecode.c.h; path = KiwiNewMacros.h; sourceTree = "<group>"; };
		E6ECBE9F146550A000B8B196 /* KWAfterAllNode.h */ = {isa = PBXFileReference; fileEncoding = 4; lastKnownFileType = sourcecode.c.h; path = KWAfterAllNode.h; sourceTree = "<group>"; };
		E6ECBEA0146550A000B8B196 /* KWAfterAllNode.m */ = {isa = PBXFileReference; fileEncoding = 4; lastKnownFileType = sourcecode.c.objc; path = KWAfterAllNode.m; sourceTree = "<group>"; };
		E6ECBEA1146550A000B8B196 /* KWAfterEachNode.h */ = {isa = PBXFileReference; fileEncoding = 4; lastKnownFileType = sourcecode.c.h; path = KWAfterEachNode.h; sourceTree = "<group>"; };
		E6ECBEA2146550A000B8B196 /* KWAfterEachNode.m */ = {isa = PBXFileReference; fileEncoding = 4; lastKnownFileType = sourcecode.c.objc; path = KWAfterEachNode.m; sourceTree = "<group>"; };
		E6ECBEA3146550A000B8B196 /* KWAsyncVerifier.h */ = {isa = PBXFileReference; fileEncoding = 4; lastKnownFileType = sourcecode.c.h; path = KWAsyncVerifier.h; sourceTree = "<group>"; };
		E6ECBEA4146550A000B8B196 /* KWAsyncVerifier.m */ = {isa = PBXFileReference; fileEncoding = 4; lastKnownFileType = sourcecode.c.objc; path = KWAsyncVerifier.m; sourceTree = "<group>"; };
		E6ECBEA5146550A000B8B196 /* KWBeBetweenMatcher.h */ = {isa = PBXFileReference; fileEncoding = 4; lastKnownFileType = sourcecode.c.h; path = KWBeBetweenMatcher.h; sourceTree = "<group>"; };
		E6ECBEA6146550A000B8B196 /* KWBeBetweenMatcher.m */ = {isa = PBXFileReference; fileEncoding = 4; lastKnownFileType = sourcecode.c.objc; path = KWBeBetweenMatcher.m; sourceTree = "<group>"; };
		E6ECBEA7146550A000B8B196 /* KWBeEmptyMatcher.h */ = {isa = PBXFileReference; fileEncoding = 4; lastKnownFileType = sourcecode.c.h; path = KWBeEmptyMatcher.h; sourceTree = "<group>"; };
		E6ECBEA8146550A000B8B196 /* KWBeEmptyMatcher.m */ = {isa = PBXFileReference; fileEncoding = 4; lastKnownFileType = sourcecode.c.objc; path = KWBeEmptyMatcher.m; sourceTree = "<group>"; };
		E6ECBEA9146550A000B8B196 /* KWBeforeAllNode.h */ = {isa = PBXFileReference; fileEncoding = 4; lastKnownFileType = sourcecode.c.h; path = KWBeforeAllNode.h; sourceTree = "<group>"; };
		E6ECBEAA146550A000B8B196 /* KWBeforeAllNode.m */ = {isa = PBXFileReference; fileEncoding = 4; lastKnownFileType = sourcecode.c.objc; path = KWBeforeAllNode.m; sourceTree = "<group>"; };
		E6ECBEAB146550A000B8B196 /* KWBeforeEachNode.h */ = {isa = PBXFileReference; fileEncoding = 4; lastKnownFileType = sourcecode.c.h; path = KWBeforeEachNode.h; sourceTree = "<group>"; };
		E6ECBEAC146550A000B8B196 /* KWBeforeEachNode.m */ = {isa = PBXFileReference; fileEncoding = 4; lastKnownFileType = sourcecode.c.objc; path = KWBeforeEachNode.m; sourceTree = "<group>"; };
		E6ECBEAD146550A000B8B196 /* KWBeIdenticalToMatcher.h */ = {isa = PBXFileReference; fileEncoding = 4; lastKnownFileType = sourcecode.c.h; path = KWBeIdenticalToMatcher.h; sourceTree = "<group>"; };
		E6ECBEAE146550A000B8B196 /* KWBeIdenticalToMatcher.m */ = {isa = PBXFileReference; fileEncoding = 4; lastKnownFileType = sourcecode.c.objc; path = KWBeIdenticalToMatcher.m; sourceTree = "<group>"; };
		E6ECBEAF146550A000B8B196 /* KWBeKindOfClassMatcher.h */ = {isa = PBXFileReference; fileEncoding = 4; lastKnownFileType = sourcecode.c.h; path = KWBeKindOfClassMatcher.h; sourceTree = "<group>"; };
		E6ECBEB0146550A000B8B196 /* KWBeKindOfClassMatcher.m */ = {isa = PBXFileReference; fileEncoding = 4; lastKnownFileType = sourcecode.c.objc; path = KWBeKindOfClassMatcher.m; sourceTree = "<group>"; };
		E6ECBEB1146550A000B8B196 /* KWBeMemberOfClassMatcher.h */ = {isa = PBXFileReference; fileEncoding = 4; lastKnownFileType = sourcecode.c.h; path = KWBeMemberOfClassMatcher.h; sourceTree = "<group>"; };
		E6ECBEB2146550A000B8B196 /* KWBeMemberOfClassMatcher.m */ = {isa = PBXFileReference; fileEncoding = 4; lastKnownFileType = sourcecode.c.objc; path = KWBeMemberOfClassMatcher.m; sourceTree = "<group>"; };
		E6ECBEB3146550A000B8B196 /* KWBeNilMatcher.h */ = {isa = PBXFileReference; fileEncoding = 4; lastKnownFileType = sourcecode.c.h; path = KWBeNilMatcher.h; sourceTree = "<group>"; };
		E6ECBEB4146550A000B8B196 /* KWBeNilMatcher.m */ = {isa = PBXFileReference; fileEncoding = 4; lastKnownFileType = sourcecode.c.objc; path = KWBeNilMatcher.m; sourceTree = "<group>"; };
		E6ECBEB5146550A000B8B196 /* KWBeNonNilMatcher.h */ = {isa = PBXFileReference; fileEncoding = 4; lastKnownFileType = sourcecode.c.h; path = KWBeNonNilMatcher.h; sourceTree = "<group>"; };
		E6ECBEB6146550A000B8B196 /* KWBeNonNilMatcher.m */ = {isa = PBXFileReference; fileEncoding = 4; lastKnownFileType = sourcecode.c.objc; path = KWBeNonNilMatcher.m; sourceTree = "<group>"; };
		E6ECBEB7146550A000B8B196 /* KWBeTrueMatcher.h */ = {isa = PBXFileReference; fileEncoding = 4; lastKnownFileType = sourcecode.c.h; path = KWBeTrueMatcher.h; sourceTree = "<group>"; };
		E6ECBEB8146550A000B8B196 /* KWBeTrueMatcher.m */ = {isa = PBXFileReference; fileEncoding = 4; lastKnownFileType = sourcecode.c.objc; path = KWBeTrueMatcher.m; sourceTree = "<group>"; };
		E6ECBEB9146550A000B8B196 /* KWBeWithinMatcher.h */ = {isa = PBXFileReference; fileEncoding = 4; lastKnownFileType = sourcecode.c.h; path = KWBeWithinMatcher.h; sourceTree = "<group>"; };
		E6ECBEBA146550A000B8B196 /* KWBeWithinMatcher.m */ = {isa = PBXFileReference; fileEncoding = 4; lastKnownFileType = sourcecode.c.objc; path = KWBeWithinMatcher.m; sourceTree = "<group>"; };
		E6ECBEBB146550A000B8B196 /* KWBeZeroMatcher.h */ = {isa = PBXFileReference; fileEncoding = 4; lastKnownFileType = sourcecode.c.h; path = KWBeZeroMatcher.h; sourceTree = "<group>"; };
		E6ECBEBC146550A000B8B196 /* KWBeZeroMatcher.m */ = {isa = PBXFileReference; fileEncoding = 4; lastKnownFileType = sourcecode.c.objc; path = KWBeZeroMatcher.m; sourceTree = "<group>"; };
		E6ECBEBD146550A000B8B196 /* KWBlock.h */ = {isa = PBXFileReference; fileEncoding = 4; lastKnownFileType = sourcecode.c.h; path = KWBlock.h; sourceTree = "<group>"; };
		E6ECBEBE146550A000B8B196 /* KWBlock.m */ = {isa = PBXFileReference; fileEncoding = 4; lastKnownFileType = sourcecode.c.objc; path = KWBlock.m; sourceTree = "<group>"; };
		E6ECBEBF146550A000B8B196 /* KWBlockNode.h */ = {isa = PBXFileReference; fileEncoding = 4; lastKnownFileType = sourcecode.c.h; path = KWBlockNode.h; sourceTree = "<group>"; };
		E6ECBEC0146550A000B8B196 /* KWBlockNode.m */ = {isa = PBXFileReference; fileEncoding = 4; lastKnownFileType = sourcecode.c.objc; path = KWBlockNode.m; sourceTree = "<group>"; };
		E6ECBEC1146550A000B8B196 /* KWBlockRaiseMatcher.h */ = {isa = PBXFileReference; fileEncoding = 4; lastKnownFileType = sourcecode.c.h; path = KWBlockRaiseMatcher.h; sourceTree = "<group>"; };
		E6ECBEC2146550A000B8B196 /* KWBlockRaiseMatcher.m */ = {isa = PBXFileReference; fileEncoding = 4; lastKnownFileType = sourcecode.c.objc; path = KWBlockRaiseMatcher.m; sourceTree = "<group>"; };
		E6ECBEC3146550A000B8B196 /* KWCallSite.h */ = {isa = PBXFileReference; fileEncoding = 4; lastKnownFileType = sourcecode.c.h; path = KWCallSite.h; sourceTree = "<group>"; };
		E6ECBEC4146550A000B8B196 /* KWCallSite.m */ = {isa = PBXFileReference; fileEncoding = 4; lastKnownFileType = sourcecode.c.objc; path = KWCallSite.m; sourceTree = "<group>"; };
		E6ECBEC5146550A000B8B196 /* KWConformToProtocolMatcher.h */ = {isa = PBXFileReference; fileEncoding = 4; lastKnownFileType = sourcecode.c.h; path = KWConformToProtocolMatcher.h; sourceTree = "<group>"; };
		E6ECBEC6146550A000B8B196 /* KWConformToProtocolMatcher.m */ = {isa = PBXFileReference; fileEncoding = 4; lastKnownFileType = sourcecode.c.objc; path = KWConformToProtocolMatcher.m; sourceTree = "<group>"; };
		E6ECBEC7146550A000B8B196 /* KWContainMatcher.h */ = {isa = PBXFileReference; fileEncoding = 4; lastKnownFileType = sourcecode.c.h; path = KWContainMatcher.h; sourceTree = "<group>"; };
		E6ECBEC8146550A000B8B196 /* KWContainMatcher.m */ = {isa = PBXFileReference; fileEncoding = 4; lastKnownFileType = sourcecode.c.objc; path = KWContainMatcher.m; sourceTree = "<group>"; };
		E6ECBEC9146550A000B8B196 /* KWContextNode.h */ = {isa = PBXFileReference; fileEncoding = 4; lastKnownFileType = sourcecode.c.h; path = KWContextNode.h; sourceTree = "<group>"; };
		E6ECBECA146550A000B8B196 /* KWContextNode.m */ = {isa = PBXFileReference; fileEncoding = 4; lastKnownFileType = sourcecode.c.objc; path = KWContextNode.m; sourceTree = "<group>"; };
		E6ECBECB146550A000B8B196 /* KWCountType.h */ = {isa = PBXFileReference; fileEncoding = 4; lastKnownFileType = sourcecode.c.h; path = KWCountType.h; sourceTree = "<group>"; };
		E6ECBECC146550A000B8B196 /* KWDeviceInfo.h */ = {isa = PBXFileReference; fileEncoding = 4; lastKnownFileType = sourcecode.c.h; path = KWDeviceInfo.h; sourceTree = "<group>"; };
		E6ECBECD146550A000B8B196 /* KWDeviceInfo.m */ = {isa = PBXFileReference; fileEncoding = 4; lastKnownFileType = sourcecode.c.objc; path = KWDeviceInfo.m; sourceTree = "<group>"; };
		E6ECBECE146550A000B8B196 /* KWEqualMatcher.h */ = {isa = PBXFileReference; fileEncoding = 4; lastKnownFileType = sourcecode.c.h; path = KWEqualMatcher.h; sourceTree = "<group>"; };
		E6ECBECF146550A000B8B196 /* KWEqualMatcher.m */ = {isa = PBXFileReference; fileEncoding = 4; lastKnownFileType = sourcecode.c.objc; path = KWEqualMatcher.m; sourceTree = "<group>"; };
		E6ECBED0146550A000B8B196 /* KWExampleGroup.h */ = {isa = PBXFileReference; fileEncoding = 4; lastKnownFileType = sourcecode.c.h; path = KWExampleGroup.h; sourceTree = "<group>"; };
		E6ECBED1146550A000B8B196 /* KWExampleGroup.m */ = {isa = PBXFileReference; fileEncoding = 4; lastKnownFileType = sourcecode.c.objc; path = KWExampleGroup.m; sourceTree = "<group>"; };
		E6ECBED2146550A000B8B196 /* KWExampleGroupBuilder.h */ = {isa = PBXFileReference; fileEncoding = 4; lastKnownFileType = sourcecode.c.h; path = KWExampleGroupBuilder.h; sourceTree = "<group>"; };
		E6ECBED3146550A000B8B196 /* KWExampleGroupBuilder.m */ = {isa = PBXFileReference; fileEncoding = 4; lastKnownFileType = sourcecode.c.objc; path = KWExampleGroupBuilder.m; sourceTree = "<group>"; };
		E6ECBED4146550A000B8B196 /* KWExampleGroupDelegate.h */ = {isa = PBXFileReference; fileEncoding = 4; lastKnownFileType = sourcecode.c.h; path = KWExampleGroupDelegate.h; sourceTree = "<group>"; };
		E6ECBED5146550A000B8B196 /* KWExampleNode.h */ = {isa = PBXFileReference; fileEncoding = 4; lastKnownFileType = sourcecode.c.h; path = KWExampleNode.h; sourceTree = "<group>"; };
		E6ECBED6146550A000B8B196 /* KWExampleNodeVisitor.h */ = {isa = PBXFileReference; fileEncoding = 4; lastKnownFileType = sourcecode.c.h; path = KWExampleNodeVisitor.h; sourceTree = "<group>"; };
		E6ECBED7146550A000B8B196 /* KWExistVerifier.h */ = {isa = PBXFileReference; fileEncoding = 4; lastKnownFileType = sourcecode.c.h; path = KWExistVerifier.h; sourceTree = "<group>"; };
		E6ECBED8146550A000B8B196 /* KWExistVerifier.m */ = {isa = PBXFileReference; fileEncoding = 4; lastKnownFileType = sourcecode.c.objc; path = KWExistVerifier.m; sourceTree = "<group>"; };
		E6ECBED9146550A000B8B196 /* KWExpectationType.h */ = {isa = PBXFileReference; fileEncoding = 4; lastKnownFileType = sourcecode.c.h; path = KWExpectationType.h; sourceTree = "<group>"; };
		E6ECBEDA146550A000B8B196 /* KWFailure.h */ = {isa = PBXFileReference; fileEncoding = 4; lastKnownFileType = sourcecode.c.h; path = KWFailure.h; sourceTree = "<group>"; };
		E6ECBEDB146550A000B8B196 /* KWFailure.m */ = {isa = PBXFileReference; fileEncoding = 4; lastKnownFileType = sourcecode.c.objc; path = KWFailure.m; sourceTree = "<group>"; };
		E6ECBEDC146550A000B8B196 /* KWFormatter.h */ = {isa = PBXFileReference; fileEncoding = 4; lastKnownFileType = sourcecode.c.h; path = KWFormatter.h; sourceTree = "<group>"; };
		E6ECBEDD146550A000B8B196 /* KWFormatter.m */ = {isa = PBXFileReference; fileEncoding = 4; lastKnownFileType = sourcecode.c.objc; path = KWFormatter.m; sourceTree = "<group>"; };
		E6ECBEDE146550A000B8B196 /* KWFutureObject.h */ = {isa = PBXFileReference; fileEncoding = 4; lastKnownFileType = sourcecode.c.h; path = KWFutureObject.h; sourceTree = "<group>"; };
		E6ECBEDF146550A000B8B196 /* KWFutureObject.m */ = {isa = PBXFileReference; fileEncoding = 4; lastKnownFileType = sourcecode.c.objc; path = KWFutureObject.m; sourceTree = "<group>"; };
		E6ECBEE0146550A000B8B196 /* KWHamcrestMatcher.h */ = {isa = PBXFileReference; fileEncoding = 4; lastKnownFileType = sourcecode.c.h; path = KWHamcrestMatcher.h; sourceTree = "<group>"; };
		E6ECBEE1146550A000B8B196 /* KWHamcrestMatcher.m */ = {isa = PBXFileReference; fileEncoding = 4; lastKnownFileType = sourcecode.c.objc; path = KWHamcrestMatcher.m; sourceTree = "<group>"; };
		E6ECBEE2146550A000B8B196 /* KWHamrestMatchingAdditions.h */ = {isa = PBXFileReference; fileEncoding = 4; lastKnownFileType = sourcecode.c.h; path = KWHamrestMatchingAdditions.h; sourceTree = "<group>"; };
		E6ECBEE3146550A000B8B196 /* KWHamrestMatchingAdditions.m */ = {isa = PBXFileReference; fileEncoding = 4; lastKnownFileType = sourcecode.c.objc; path = KWHamrestMatchingAdditions.m; sourceTree = "<group>"; };
		E6ECBEE4146550A000B8B196 /* KWHaveMatcher.h */ = {isa = PBXFileReference; fileEncoding = 4; lastKnownFileType = sourcecode.c.h; path = KWHaveMatcher.h; sourceTree = "<group>"; };
		E6ECBEE5146550A000B8B196 /* KWHaveMatcher.m */ = {isa = PBXFileReference; fileEncoding = 4; lastKnownFileType = sourcecode.c.objc; path = KWHaveMatcher.m; sourceTree = "<group>"; };
		E6ECBEE6146550A000B8B196 /* KWHaveValueMatcher.h */ = {isa = PBXFileReference; fileEncoding = 4; lastKnownFileType = sourcecode.c.h; path = KWHaveValueMatcher.h; sourceTree = "<group>"; };
		E6ECBEE7146550A000B8B196 /* KWHaveValueMatcher.m */ = {isa = PBXFileReference; fileEncoding = 4; lastKnownFileType = sourcecode.c.objc; path = KWHaveValueMatcher.m; sourceTree = "<group>"; };
		E6ECBEE8146550A000B8B196 /* KWHCMatcher.h */ = {isa = PBXFileReference; fileEncoding = 4; lastKnownFileType = sourcecode.c.h; path = KWHCMatcher.h; sourceTree = "<group>"; };
		E6ECBEE9146550A000B8B196 /* KWInequalityMatcher.h */ = {isa = PBXFileReference; fileEncoding = 4; lastKnownFileType = sourcecode.c.h; path = KWInequalityMatcher.h; sourceTree = "<group>"; };
		E6ECBEEA146550A000B8B196 /* KWInequalityMatcher.m */ = {isa = PBXFileReference; fileEncoding = 4; lastKnownFileType = sourcecode.c.objc; path = KWInequalityMatcher.m; sourceTree = "<group>"; };
		E6ECBEEB146550A000B8B196 /* KWIntercept.h */ = {isa = PBXFileReference; fileEncoding = 4; lastKnownFileType = sourcecode.c.h; path = KWIntercept.h; sourceTree = "<group>"; };
		E6ECBEEC146550A000B8B196 /* KWIntercept.m */ = {isa = PBXFileReference; fileEncoding = 4; lastKnownFileType = sourcecode.c.objc; path = KWIntercept.m; sourceTree = "<group>"; };
		E6ECBEED146550A000B8B196 /* KWInvocationCapturer.h */ = {isa = PBXFileReference; fileEncoding = 4; lastKnownFileType = sourcecode.c.h; path = KWInvocationCapturer.h; sourceTree = "<group>"; };
		E6ECBEEE146550A000B8B196 /* KWInvocationCapturer.m */ = {isa = PBXFileReference; fileEncoding = 4; lastKnownFileType = sourcecode.c.objc; path = KWInvocationCapturer.m; sourceTree = "<group>"; };
		E6ECBEEF146550A000B8B196 /* KWItNode.h */ = {isa = PBXFileReference; fileEncoding = 4; lastKnownFileType = sourcecode.c.h; path = KWItNode.h; sourceTree = "<group>"; };
		E6ECBEF0146550A000B8B196 /* KWItNode.m */ = {isa = PBXFileReference; fileEncoding = 4; lastKnownFileType = sourcecode.c.objc; path = KWItNode.m; sourceTree = "<group>"; };
		E6ECBEF1146550A000B8B196 /* KWMatcher.h */ = {isa = PBXFileReference; fileEncoding = 4; lastKnownFileType = sourcecode.c.h; path = KWMatcher.h; sourceTree = "<group>"; };
		E6ECBEF2146550A000B8B196 /* KWMatcher.m */ = {isa = PBXFileReference; fileEncoding = 4; lastKnownFileType = sourcecode.c.objc; path = KWMatcher.m; sourceTree = "<group>"; };
		E6ECBEF3146550A000B8B196 /* KWMatcherFactory.h */ = {isa = PBXFileReference; fileEncoding = 4; lastKnownFileType = sourcecode.c.h; path = KWMatcherFactory.h; sourceTree = "<group>"; };
		E6ECBEF4146550A000B8B196 /* KWMatcherFactory.m */ = {isa = PBXFileReference; fileEncoding = 4; lastKnownFileType = sourcecode.c.objc; path = KWMatcherFactory.m; sourceTree = "<group>"; };
		E6ECBEF5146550A000B8B196 /* KWMatchers.h */ = {isa = PBXFileReference; fileEncoding = 4; lastKnownFileType = sourcecode.c.h; path = KWMatchers.h; sourceTree = "<group>"; };
		E6ECBEF6146550A000B8B196 /* KWMatchers.m */ = {isa = PBXFileReference; fileEncoding = 4; lastKnownFileType = sourcecode.c.objc; path = KWMatchers.m; sourceTree = "<group>"; };
		E6ECBEF7146550A000B8B196 /* KWMatching.h */ = {isa = PBXFileReference; fileEncoding = 4; lastKnownFileType = sourcecode.c.h; path = KWMatching.h; sourceTree = "<group>"; };
		E6ECBEF8146550A000B8B196 /* KWMatchVerifier.h */ = {isa = PBXFileReference; fileEncoding = 4; lastKnownFileType = sourcecode.c.h; path = KWMatchVerifier.h; sourceTree = "<group>"; };
		E6ECBEF9146550A000B8B196 /* KWMatchVerifier.m */ = {isa = PBXFileReference; fileEncoding = 4; lastKnownFileType = sourcecode.c.objc; path = KWMatchVerifier.m; sourceTree = "<group>"; };
		E6ECBEFA146550A000B8B196 /* KWMessagePattern.h */ = {isa = PBXFileReference; fileEncoding = 4; lastKnownFileType = sourcecode.c.h; path = KWMessagePattern.h; sourceTree = "<group>"; };
		E6ECBEFB146550A000B8B196 /* KWMessagePattern.m */ = {isa = PBXFileReference; fileEncoding = 4; lastKnownFileType = sourcecode.c.objc; path = KWMessagePattern.m; sourceTree = "<group>"; };
		E6ECBEFC146550A000B8B196 /* KWMessageSpying.h */ = {isa = PBXFileReference; fileEncoding = 4; lastKnownFileType = sourcecode.c.h; path = KWMessageSpying.h; sourceTree = "<group>"; };
		E6ECBEFD146550A000B8B196 /* KWMessageTracker.h */ = {isa = PBXFileReference; fileEncoding = 4; lastKnownFileType = sourcecode.c.h; path = KWMessageTracker.h; sourceTree = "<group>"; };
		E6ECBEFE146550A000B8B196 /* KWMessageTracker.m */ = {isa = PBXFileReference; fileEncoding = 4; lastKnownFileType = sourcecode.c.objc; path = KWMessageTracker.m; sourceTree = "<group>"; };
		E6ECBEFF146550A000B8B196 /* KWMock.h */ = {isa = PBXFileReference; fileEncoding = 4; lastKnownFileType = sourcecode.c.h; path = KWMock.h; sourceTree = "<group>"; };
		E6ECBF00146550A000B8B196 /* KWMock.m */ = {isa = PBXFileReference; fileEncoding = 4; lastKnownFileType = sourcecode.c.objc; path = KWMock.m; sourceTree = "<group>"; };
		E6ECBF01146550A000B8B196 /* KWNull.h */ = {isa = PBXFileReference; fileEncoding = 4; lastKnownFileType = sourcecode.c.h; path = KWNull.h; sourceTree = "<group>"; };
		E6ECBF02146550A000B8B196 /* KWNull.m */ = {isa = PBXFileReference; fileEncoding = 4; lastKnownFileType = sourcecode.c.objc; path = KWNull.m; sourceTree = "<group>"; };
		E6ECBF03146550A000B8B196 /* KWObjCUtilities.h */ = {isa = PBXFileReference; fileEncoding = 4; lastKnownFileType = sourcecode.c.h; path = KWObjCUtilities.h; sourceTree = "<group>"; };
		E6ECBF04146550A000B8B196 /* KWObjCUtilities.m */ = {isa = PBXFileReference; fileEncoding = 4; lastKnownFileType = sourcecode.c.objc; path = KWObjCUtilities.m; sourceTree = "<group>"; };
		E6ECBF05146550A000B8B196 /* KWPendingNode.h */ = {isa = PBXFileReference; fileEncoding = 4; lastKnownFileType = sourcecode.c.h; path = KWPendingNode.h; sourceTree = "<group>"; };
		E6ECBF06146550A000B8B196 /* KWPendingNode.m */ = {isa = PBXFileReference; fileEncoding = 4; lastKnownFileType = sourcecode.c.objc; path = KWPendingNode.m; sourceTree = "<group>"; };
		E6ECBF07146550A000B8B196 /* KWProbe.h */ = {isa = PBXFileReference; fileEncoding = 4; lastKnownFileType = sourcecode.c.h; path = KWProbe.h; sourceTree = "<group>"; };
		E6ECBF08146550A000B8B196 /* KWProbePoller.h */ = {isa = PBXFileReference; fileEncoding = 4; lastKnownFileType = sourcecode.c.h; path = KWProbePoller.h; sourceTree = "<group>"; };
		E6ECBF09146550A000B8B196 /* KWProbePoller.m */ = {isa = PBXFileReference; fileEncoding = 4; lastKnownFileType = sourcecode.c.objc; path = KWProbePoller.m; sourceTree = "<group>"; };
		E6ECBF0A146550A000B8B196 /* KWRaiseMatcher.h */ = {isa = PBXFileReference; fileEncoding = 4; lastKnownFileType = sourcecode.c.h; path = KWRaiseMatcher.h; sourceTree = "<group>"; };
		E6ECBF0B146550A000B8B196 /* KWRaiseMatcher.m */ = {isa = PBXFileReference; fileEncoding = 4; lastKnownFileType = sourcecode.c.objc; path = KWRaiseMatcher.m; sourceTree = "<group>"; };
		E6ECBF0C146550A000B8B196 /* KWReceiveMatcher.h */ = {isa = PBXFileReference; fileEncoding = 4; lastKnownFileType = sourcecode.c.h; path = KWReceiveMatcher.h; sourceTree = "<group>"; };
		E6ECBF0D146550A000B8B196 /* KWReceiveMatcher.m */ = {isa = PBXFileReference; fileEncoding = 4; lastKnownFileType = sourcecode.c.objc; path = KWReceiveMatcher.m; sourceTree = "<group>"; };
		E6ECBF0E146550A000B8B196 /* KWRegisterMatchersNode.h */ = {isa = PBXFileReference; fileEncoding = 4; lastKnownFileType = sourcecode.c.h; path = KWRegisterMatchersNode.h; sourceTree = "<group>"; };
		E6ECBF0F146550A000B8B196 /* KWRegisterMatchersNode.m */ = {isa = PBXFileReference; fileEncoding = 4; lastKnownFileType = sourcecode.c.objc; path = KWRegisterMatchersNode.m; sourceTree = "<group>"; };
		E6ECBF10146550A000B8B196 /* KWReporting.h */ = {isa = PBXFileReference; fileEncoding = 4; lastKnownFileType = sourcecode.c.h; path = KWReporting.h; sourceTree = "<group>"; };
		E6ECBF11146550A000B8B196 /* KWRespondToSelectorMatcher.h */ = {isa = PBXFileReference; fileEncoding = 4; lastKnownFileType = sourcecode.c.h; path = KWRespondToSelectorMatcher.h; sourceTree = "<group>"; };
		E6ECBF12146550A000B8B196 /* KWRespondToSelectorMatcher.m */ = {isa = PBXFileReference; fileEncoding = 4; lastKnownFileType = sourcecode.c.objc; path = KWRespondToSelectorMatcher.m; sourceTree = "<group>"; };
		E6ECBF13146550A000B8B196 /* KWSpec.h */ = {isa = PBXFileReference; fileEncoding = 4; lastKnownFileType = sourcecode.c.h; path = KWSpec.h; sourceTree = "<group>"; };
		E6ECBF14146550A000B8B196 /* KWSpec.m */ = {isa = PBXFileReference; fileEncoding = 4; lastKnownFileType = sourcecode.c.objc; path = KWSpec.m; sourceTree = "<group>"; };
		E6ECBF15146550A000B8B196 /* KWStringUtilities.h */ = {isa = PBXFileReference; fileEncoding = 4; lastKnownFileType = sourcecode.c.h; path = KWStringUtilities.h; sourceTree = "<group>"; };
		E6ECBF16146550A000B8B196 /* KWStringUtilities.m */ = {isa = PBXFileReference; fileEncoding = 4; lastKnownFileType = sourcecode.c.objc; path = KWStringUtilities.m; sourceTree = "<group>"; };
		E6ECBF17146550A000B8B196 /* KWStub.h */ = {isa = PBXFileReference; fileEncoding = 4; lastKnownFileType = sourcecode.c.h; path = KWStub.h; sourceTree = "<group>"; };
		E6ECBF18146550A000B8B196 /* KWStub.m */ = {isa = PBXFileReference; fileEncoding = 4; lastKnownFileType = sourcecode.c.objc; path = KWStub.m; sourceTree = "<group>"; };
		E6ECBF19146550A000B8B196 /* KWTestCase.h */ = {isa = PBXFileReference; fileEncoding = 4; lastKnownFileType = sourcecode.c.h; path = KWTestCase.h; sourceTree = "<group>"; };
		E6ECBF1A146550A000B8B196 /* KWTestCase.m */ = {isa = PBXFileReference; fileEncoding = 4; lastKnownFileType = sourcecode.c.objc; path = KWTestCase.m; sourceTree = "<group>"; };
		E6ECBF1B146550A000B8B196 /* KWUserDefinedMatcher.h */ = {isa = PBXFileReference; fileEncoding = 4; lastKnownFileType = sourcecode.c.h; path = KWUserDefinedMatcher.h; sourceTree = "<group>"; };
		E6ECBF1C146550A000B8B196 /* KWUserDefinedMatcher.m */ = {isa = PBXFileReference; fileEncoding = 4; lastKnownFileType = sourcecode.c.objc; path = KWUserDefinedMatcher.m; sourceTree = "<group>"; };
		E6ECBF1D146550A000B8B196 /* KWValue.h */ = {isa = PBXFileReference; fileEncoding = 4; lastKnownFileType = sourcecode.c.h; path = KWValue.h; sourceTree = "<group>"; };
		E6ECBF1E146550A000B8B196 /* KWValue.m */ = {isa = PBXFileReference; fileEncoding = 4; lastKnownFileType = sourcecode.c.objc; path = KWValue.m; sourceTree = "<group>"; };
		E6ECBF1F146550A000B8B196 /* KWVerifying.h */ = {isa = PBXFileReference; fileEncoding = 4; lastKnownFileType = sourcecode.c.h; path = KWVerifying.h; sourceTree = "<group>"; };
		E6ECBF20146550A000B8B196 /* KWWorkarounds.h */ = {isa = PBXFileReference; fileEncoding = 4; lastKnownFileType = sourcecode.c.h; path = KWWorkarounds.h; sourceTree = "<group>"; };
		E6ECBF21146550A000B8B196 /* KWWorkarounds.m */ = {isa = PBXFileReference; fileEncoding = 4; lastKnownFileType = sourcecode.c.objc; path = KWWorkarounds.m; sourceTree = "<group>"; };
		E6ECBF22146550A000B8B196 /* NSInvocation+KiwiAdditions.h */ = {isa = PBXFileReference; fileEncoding = 4; lastKnownFileType = sourcecode.c.h; path = "NSInvocation+KiwiAdditions.h"; sourceTree = "<group>"; };
		E6ECBF23146550A000B8B196 /* NSInvocation+KiwiAdditions.m */ = {isa = PBXFileReference; fileEncoding = 4; lastKnownFileType = sourcecode.c.objc; path = "NSInvocation+KiwiAdditions.m"; sourceTree = "<group>"; };
		E6ECBF24146550A000B8B196 /* NSMethodSignature+KiwiAdditions.h */ = {isa = PBXFileReference; fileEncoding = 4; lastKnownFileType = sourcecode.c.h; path = "NSMethodSignature+KiwiAdditions.h"; sourceTree = "<group>"; };
		E6ECBF25146550A000B8B196 /* NSMethodSignature+KiwiAdditions.m */ = {isa = PBXFileReference; fileEncoding = 4; lastKnownFileType = sourcecode.c.objc; path = "NSMethodSignature+KiwiAdditions.m"; sourceTree = "<group>"; };
		E6ECBF26146550A000B8B196 /* NSNumber+KiwiAdditions.h */ = {isa = PBXFileReference; fileEncoding = 4; lastKnownFileType = sourcecode.c.h; path = "NSNumber+KiwiAdditions.h"; sourceTree = "<group>"; };
		E6ECBF27146550A000B8B196 /* NSNumber+KiwiAdditions.m */ = {isa = PBXFileReference; fileEncoding = 4; lastKnownFileType = sourcecode.c.objc; path = "NSNumber+KiwiAdditions.m"; sourceTree = "<group>"; };
		E6ECBF28146550A000B8B196 /* NSObject+KiwiMockAdditions.h */ = {isa = PBXFileReference; fileEncoding = 4; lastKnownFileType = sourcecode.c.h; path = "NSObject+KiwiMockAdditions.h"; sourceTree = "<group>"; };
		E6ECBF29146550A000B8B196 /* NSObject+KiwiMockAdditions.m */ = {isa = PBXFileReference; fileEncoding = 4; lastKnownFileType = sourcecode.c.objc; path = "NSObject+KiwiMockAdditions.m"; sourceTree = "<group>"; };
		E6ECBF2A146550A000B8B196 /* NSObject+KiwiStubAdditions.h */ = {isa = PBXFileReference; fileEncoding = 4; lastKnownFileType = sourcecode.c.h; path = "NSObject+KiwiStubAdditions.h"; sourceTree = "<group>"; };
		E6ECBF2B146550A000B8B196 /* NSObject+KiwiStubAdditions.m */ = {isa = PBXFileReference; fileEncoding = 4; lastKnownFileType = sourcecode.c.objc; path = "NSObject+KiwiStubAdditions.m"; sourceTree = "<group>"; };
		E6ECBF2C146550A000B8B196 /* NSObject+KiwiVerifierAdditions.h */ = {isa = PBXFileReference; fileEncoding = 4; lastKnownFileType = sourcecode.c.h; path = "NSObject+KiwiVerifierAdditions.h"; sourceTree = "<group>"; };
		E6ECBF2D146550A000B8B196 /* NSObject+KiwiVerifierAdditions.m */ = {isa = PBXFileReference; fileEncoding = 4; lastKnownFileType = sourcecode.c.objc; path = "NSObject+KiwiVerifierAdditions.m"; sourceTree = "<group>"; };
		E6ECBF2E146550A000B8B196 /* NSValue+KiwiAdditions.h */ = {isa = PBXFileReference; fileEncoding = 4; lastKnownFileType = sourcecode.c.h; path = "NSValue+KiwiAdditions.h"; sourceTree = "<group>"; };
		E6ECBF2F146550A000B8B196 /* NSValue+KiwiAdditions.m */ = {isa = PBXFileReference; fileEncoding = 4; lastKnownFileType = sourcecode.c.objc; path = "NSValue+KiwiAdditions.m"; sourceTree = "<group>"; };
		E6ECBF741465513C00B8B196 /* PageControllerSpec.m */ = {isa = PBXFileReference; fileEncoding = 4; lastKnownFileType = sourcecode.c.objc; path = PageControllerSpec.m; sourceTree = "<group>"; };
		E6ECBF791465620200B8B196 /* HorizontalScrollViewControllerSpec.m */ = {isa = PBXFileReference; fileEncoding = 4; lastKnownFileType = sourcecode.c.objc; path = HorizontalScrollViewControllerSpec.m; sourceTree = "<group>"; };
/* End PBXFileReference section */

/* Begin PBXFrameworksBuildPhase section */
		E620596E13CF690C00656735 /* Frameworks */ = {
			isa = PBXFrameworksBuildPhase;
			buildActionMask = 2147483647;
			files = (
				E620597613CF690C00656735 /* UIKit.framework in Frameworks */,
				E620597813CF690C00656735 /* Foundation.framework in Frameworks */,
				E620597A13CF690C00656735 /* CoreGraphics.framework in Frameworks */,
			);
			runOnlyForDeploymentPostprocessing = 0;
		};
		E620599113CF690D00656735 /* Frameworks */ = {
			isa = PBXFrameworksBuildPhase;
			buildActionMask = 2147483647;
			files = (
				E620599613CF690D00656735 /* UIKit.framework in Frameworks */,
				E620599713CF690D00656735 /* Foundation.framework in Frameworks */,
				E620599813CF690D00656735 /* CoreGraphics.framework in Frameworks */,
				E62059C613CF699400656735 /* libOCMock.a in Frameworks */,
			);
			runOnlyForDeploymentPostprocessing = 0;
		};
/* End PBXFrameworksBuildPhase section */

/* Begin PBXGroup section */
		E620596613CF690C00656735 = {
			isa = PBXGroup;
			children = (
				E620597B13CF690C00656735 /* HorizontalScrollViewController */,
				E620599B13CF690D00656735 /* HorizontalScrollViewControllerTests */,
				E620597413CF690C00656735 /* Frameworks */,
				E620597213CF690C00656735 /* Products */,
			);
			sourceTree = "<group>";
		};
		E620597213CF690C00656735 /* Products */ = {
			isa = PBXGroup;
			children = (
				E620597113CF690C00656735 /* HorizontalScrollViewController.app */,
				E620599513CF690D00656735 /* HorizontalScrollViewControllerTests.octest */,
			);
			name = Products;
			sourceTree = "<group>";
		};
		E620597413CF690C00656735 /* Frameworks */ = {
			isa = PBXGroup;
			children = (
				E620597513CF690C00656735 /* UIKit.framework */,
				E620597713CF690C00656735 /* Foundation.framework */,
				E620597913CF690C00656735 /* CoreGraphics.framework */,
			);
			name = Frameworks;
			sourceTree = "<group>";
		};
		E620597B13CF690C00656735 /* HorizontalScrollViewController */ = {
			isa = PBXGroup;
			children = (
				E67CB1921469472A0022FDCF /* HorizontalScrollerComponent */,
				E67CB1BA146947970022FDCF /* NumbersDataSource.h */,
				E67CB1BB146947970022FDCF /* NumbersDataSource.m */,
				E6D94C0114694D1B00A37234 /* PurplePageController.h */,
				E6D94C0214694D1B00A37234 /* PurplePageController.m */,
				E67CB1A81469472A0022FDCF /* HorizontalScrollViewControllerAppDelegate.h */,
				E67CB1A91469472A0022FDCF /* HorizontalScrollViewControllerAppDelegate.m */,
				E620598713CF690D00656735 /* MainWindow.xib */,
				E620597C13CF690C00656735 /* Supporting Files */,
				E67AD65C1469A80D00F972F6 /* TextnumbersDataSource.h */,
				E67AD65D1469A80D00F972F6 /* TextnumbersDataSource.m */,
			);
			path = HorizontalScrollViewController;
			sourceTree = "<group>";
		};
		E620597C13CF690C00656735 /* Supporting Files */ = {
			isa = PBXGroup;
			children = (
				E620597D13CF690C00656735 /* HorizontalScrollViewController-Info.plist */,
				E620597E13CF690C00656735 /* InfoPlist.strings */,
				E620598113CF690C00656735 /* HorizontalScrollViewController-Prefix.pch */,
				E620598213CF690C00656735 /* main.m */,
			);
			name = "Supporting Files";
			sourceTree = "<group>";
		};
		E620599B13CF690D00656735 /* HorizontalScrollViewControllerTests */ = {
			isa = PBXGroup;
			children = (
				E6ECBF78146561E100B8B196 /* Specs */,
				E6ECBE99146550A000B8B196 /* Kiwi */,
				E6A0612313D3727E006EE5D0 /* MethodSwizzleHelper.h */,
				E6A0612413D3727E006EE5D0 /* MethodSwizzleHelper.m */,
				E62059BE13CF699400656735 /* OCMock */,
				E62059A213CF690D00656735 /* HorizontalScrollViewControllerTests.h */,
				E62059A413CF690D00656735 /* HorizontalScrollViewControllerTests.m */,
				E620599C13CF690D00656735 /* Supporting Files */,
				E62059F213CF702400656735 /* OrderedListDataSourceTests.h */,
				E62059F313CF702400656735 /* OrderedListDataSourceTests.m */,
				E6EC5A5613CF753200F85BA8 /* DataSourceDelegateMock.h */,
				E6EC5A5713CF753200F85BA8 /* DataSourceDelegateMock.m */,
				E6A0612713D373EA006EE5D0 /* MainScreenMock.h */,
				E6A0612813D373EA006EE5D0 /* MainScreenMock.m */,
			);
			path = HorizontalScrollViewControllerTests;
			sourceTree = "<group>";
		};
		E620599C13CF690D00656735 /* Supporting Files */ = {
			isa = PBXGroup;
			children = (
				E620599D13CF690D00656735 /* HorizontalScrollViewControllerTests-Info.plist */,
				E620599E13CF690D00656735 /* InfoPlist.strings */,
				E62059A113CF690D00656735 /* HorizontalScrollViewControllerTests-Prefix.pch */,
			);
			name = "Supporting Files";
			sourceTree = "<group>";
		};
		E62059BE13CF699400656735 /* OCMock */ = {
			isa = PBXGroup;
			children = (
				E62059BF13CF699400656735 /* libOCMock.a */,
				E62059C013CF699400656735 /* NSNotificationCenter+OCMAdditions.h */,
				E62059C113CF699400656735 /* OCMArg.h */,
				E62059C213CF699400656735 /* OCMConstraint.h */,
				E62059C313CF699400656735 /* OCMock.h */,
				E62059C413CF699400656735 /* OCMockObject.h */,
				E62059C513CF699400656735 /* OCMockRecorder.h */,
			);
			path = OCMock;
			sourceTree = "<group>";
		};
		E67CB1921469472A0022FDCF /* HorizontalScrollerComponent */ = {
			isa = PBXGroup;
			children = (
				E67CB1931469472A0022FDCF /* Controller */,
				E67CB1961469472A0022FDCF /* DataSource */,
				E67CB19D1469472A0022FDCF /* Pages */,
			);
			name = HorizontalScrollerComponent;
			path = Classes/HorizontalScrollerComponent;
			sourceTree = "<group>";
		};
		E67CB1931469472A0022FDCF /* Controller */ = {
			isa = PBXGroup;
			children = (
				E67CB1941469472A0022FDCF /* HorizontalScrollViewController.h */,
				E67CB1951469472A0022FDCF /* HorizontalScrollViewController.m */,
			);
			path = Controller;
			sourceTree = "<group>";
		};
		E67CB1961469472A0022FDCF /* DataSource */ = {
			isa = PBXGroup;
			children = (
				E67CB1991469472A0022FDCF /* OrderedListDataSource.h */,
				E67CB19A1469472A0022FDCF /* OrderedListDataSource.m */,
				E67CB19B1469472A0022FDCF /* OrderedListDataSourceDelegateProtocol.h */,
				E67CB19C1469472A0022FDCF /* OrderedListDataSourceProtocol.h */,
			);
			path = DataSource;
			sourceTree = "<group>";
		};
		E67CB19D1469472A0022FDCF /* Pages */ = {
			isa = PBXGroup;
			children = (
				E67CB19E1469472A0022FDCF /* ContentPage */,
				E67CB1A41469472A0022FDCF /* LoadingPage */,
			);
			path = Pages;
			sourceTree = "<group>";
		};
		E67CB19E1469472A0022FDCF /* ContentPage */ = {
			isa = PBXGroup;
			children = (
				E67CB1BE146947D30022FDCF /* CustomViewControllerProtocol.h */,
				E67CB19F1469472A0022FDCF /* PageController.h */,
				E67CB1A01469472A0022FDCF /* PageController.m */,
			);
			path = ContentPage;
			sourceTree = "<group>";
		};
		E67CB1A41469472A0022FDCF /* LoadingPage */ = {
			isa = PBXGroup;
			children = (
				E67CB1A51469472A0022FDCF /* LoadingScreenViewController.h */,
				E67CB1A61469472A0022FDCF /* LoadingScreenViewController.m */,
				E67CB1A71469472A0022FDCF /* LoadingScreenViewController.xib */,
			);
			path = LoadingPage;
			sourceTree = "<group>";
		};
		E6ECBE99146550A000B8B196 /* Kiwi */ = {
			isa = PBXGroup;
			children = (
				E6ECBE9A146550A000B8B196 /* Kiwi.h */,
				E6ECBE9B146550A000B8B196 /* KiwiBlockMacros.h */,
				E6ECBE9C146550A000B8B196 /* KiwiConfiguration.h */,
				E6ECBE9D146550A000B8B196 /* KiwiMacros.h */,
				E6ECBE9E146550A000B8B196 /* KiwiNewMacros.h */,
				E6ECBE9F146550A000B8B196 /* KWAfterAllNode.h */,
				E6ECBEA0146550A000B8B196 /* KWAfterAllNode.m */,
				E6ECBEA1146550A000B8B196 /* KWAfterEachNode.h */,
				E6ECBEA2146550A000B8B196 /* KWAfterEachNode.m */,
				E6ECBEA3146550A000B8B196 /* KWAsyncVerifier.h */,
				E6ECBEA4146550A000B8B196 /* KWAsyncVerifier.m */,
				E6ECBEA5146550A000B8B196 /* KWBeBetweenMatcher.h */,
				E6ECBEA6146550A000B8B196 /* KWBeBetweenMatcher.m */,
				E6ECBEA7146550A000B8B196 /* KWBeEmptyMatcher.h */,
				E6ECBEA8146550A000B8B196 /* KWBeEmptyMatcher.m */,
				E6ECBEA9146550A000B8B196 /* KWBeforeAllNode.h */,
				E6ECBEAA146550A000B8B196 /* KWBeforeAllNode.m */,
				E6ECBEAB146550A000B8B196 /* KWBeforeEachNode.h */,
				E6ECBEAC146550A000B8B196 /* KWBeforeEachNode.m */,
				E6ECBEAD146550A000B8B196 /* KWBeIdenticalToMatcher.h */,
				E6ECBEAE146550A000B8B196 /* KWBeIdenticalToMatcher.m */,
				E6ECBEAF146550A000B8B196 /* KWBeKindOfClassMatcher.h */,
				E6ECBEB0146550A000B8B196 /* KWBeKindOfClassMatcher.m */,
				E6ECBEB1146550A000B8B196 /* KWBeMemberOfClassMatcher.h */,
				E6ECBEB2146550A000B8B196 /* KWBeMemberOfClassMatcher.m */,
				E6ECBEB3146550A000B8B196 /* KWBeNilMatcher.h */,
				E6ECBEB4146550A000B8B196 /* KWBeNilMatcher.m */,
				E6ECBEB5146550A000B8B196 /* KWBeNonNilMatcher.h */,
				E6ECBEB6146550A000B8B196 /* KWBeNonNilMatcher.m */,
				E6ECBEB7146550A000B8B196 /* KWBeTrueMatcher.h */,
				E6ECBEB8146550A000B8B196 /* KWBeTrueMatcher.m */,
				E6ECBEB9146550A000B8B196 /* KWBeWithinMatcher.h */,
				E6ECBEBA146550A000B8B196 /* KWBeWithinMatcher.m */,
				E6ECBEBB146550A000B8B196 /* KWBeZeroMatcher.h */,
				E6ECBEBC146550A000B8B196 /* KWBeZeroMatcher.m */,
				E6ECBEBD146550A000B8B196 /* KWBlock.h */,
				E6ECBEBE146550A000B8B196 /* KWBlock.m */,
				E6ECBEBF146550A000B8B196 /* KWBlockNode.h */,
				E6ECBEC0146550A000B8B196 /* KWBlockNode.m */,
				E6ECBEC1146550A000B8B196 /* KWBlockRaiseMatcher.h */,
				E6ECBEC2146550A000B8B196 /* KWBlockRaiseMatcher.m */,
				E6ECBEC3146550A000B8B196 /* KWCallSite.h */,
				E6ECBEC4146550A000B8B196 /* KWCallSite.m */,
				E6ECBEC5146550A000B8B196 /* KWConformToProtocolMatcher.h */,
				E6ECBEC6146550A000B8B196 /* KWConformToProtocolMatcher.m */,
				E6ECBEC7146550A000B8B196 /* KWContainMatcher.h */,
				E6ECBEC8146550A000B8B196 /* KWContainMatcher.m */,
				E6ECBEC9146550A000B8B196 /* KWContextNode.h */,
				E6ECBECA146550A000B8B196 /* KWContextNode.m */,
				E6ECBECB146550A000B8B196 /* KWCountType.h */,
				E6ECBECC146550A000B8B196 /* KWDeviceInfo.h */,
				E6ECBECD146550A000B8B196 /* KWDeviceInfo.m */,
				E6ECBECE146550A000B8B196 /* KWEqualMatcher.h */,
				E6ECBECF146550A000B8B196 /* KWEqualMatcher.m */,
				E6ECBED0146550A000B8B196 /* KWExampleGroup.h */,
				E6ECBED1146550A000B8B196 /* KWExampleGroup.m */,
				E6ECBED2146550A000B8B196 /* KWExampleGroupBuilder.h */,
				E6ECBED3146550A000B8B196 /* KWExampleGroupBuilder.m */,
				E6ECBED4146550A000B8B196 /* KWExampleGroupDelegate.h */,
				E6ECBED5146550A000B8B196 /* KWExampleNode.h */,
				E6ECBED6146550A000B8B196 /* KWExampleNodeVisitor.h */,
				E6ECBED7146550A000B8B196 /* KWExistVerifier.h */,
				E6ECBED8146550A000B8B196 /* KWExistVerifier.m */,
				E6ECBED9146550A000B8B196 /* KWExpectationType.h */,
				E6ECBEDA146550A000B8B196 /* KWFailure.h */,
				E6ECBEDB146550A000B8B196 /* KWFailure.m */,
				E6ECBEDC146550A000B8B196 /* KWFormatter.h */,
				E6ECBEDD146550A000B8B196 /* KWFormatter.m */,
				E6ECBEDE146550A000B8B196 /* KWFutureObject.h */,
				E6ECBEDF146550A000B8B196 /* KWFutureObject.m */,
				E6ECBEE0146550A000B8B196 /* KWHamcrestMatcher.h */,
				E6ECBEE1146550A000B8B196 /* KWHamcrestMatcher.m */,
				E6ECBEE2146550A000B8B196 /* KWHamrestMatchingAdditions.h */,
				E6ECBEE3146550A000B8B196 /* KWHamrestMatchingAdditions.m */,
				E6ECBEE4146550A000B8B196 /* KWHaveMatcher.h */,
				E6ECBEE5146550A000B8B196 /* KWHaveMatcher.m */,
				E6ECBEE6146550A000B8B196 /* KWHaveValueMatcher.h */,
				E6ECBEE7146550A000B8B196 /* KWHaveValueMatcher.m */,
				E6ECBEE8146550A000B8B196 /* KWHCMatcher.h */,
				E6ECBEE9146550A000B8B196 /* KWInequalityMatcher.h */,
				E6ECBEEA146550A000B8B196 /* KWInequalityMatcher.m */,
				E6ECBEEB146550A000B8B196 /* KWIntercept.h */,
				E6ECBEEC146550A000B8B196 /* KWIntercept.m */,
				E6ECBEED146550A000B8B196 /* KWInvocationCapturer.h */,
				E6ECBEEE146550A000B8B196 /* KWInvocationCapturer.m */,
				E6ECBEEF146550A000B8B196 /* KWItNode.h */,
				E6ECBEF0146550A000B8B196 /* KWItNode.m */,
				E6ECBEF1146550A000B8B196 /* KWMatcher.h */,
				E6ECBEF2146550A000B8B196 /* KWMatcher.m */,
				E6ECBEF3146550A000B8B196 /* KWMatcherFactory.h */,
				E6ECBEF4146550A000B8B196 /* KWMatcherFactory.m */,
				E6ECBEF5146550A000B8B196 /* KWMatchers.h */,
				E6ECBEF6146550A000B8B196 /* KWMatchers.m */,
				E6ECBEF7146550A000B8B196 /* KWMatching.h */,
				E6ECBEF8146550A000B8B196 /* KWMatchVerifier.h */,
				E6ECBEF9146550A000B8B196 /* KWMatchVerifier.m */,
				E6ECBEFA146550A000B8B196 /* KWMessagePattern.h */,
				E6ECBEFB146550A000B8B196 /* KWMessagePattern.m */,
				E6ECBEFC146550A000B8B196 /* KWMessageSpying.h */,
				E6ECBEFD146550A000B8B196 /* KWMessageTracker.h */,
				E6ECBEFE146550A000B8B196 /* KWMessageTracker.m */,
				E6ECBEFF146550A000B8B196 /* KWMock.h */,
				E6ECBF00146550A000B8B196 /* KWMock.m */,
				E6ECBF01146550A000B8B196 /* KWNull.h */,
				E6ECBF02146550A000B8B196 /* KWNull.m */,
				E6ECBF03146550A000B8B196 /* KWObjCUtilities.h */,
				E6ECBF04146550A000B8B196 /* KWObjCUtilities.m */,
				E6ECBF05146550A000B8B196 /* KWPendingNode.h */,
				E6ECBF06146550A000B8B196 /* KWPendingNode.m */,
				E6ECBF07146550A000B8B196 /* KWProbe.h */,
				E6ECBF08146550A000B8B196 /* KWProbePoller.h */,
				E6ECBF09146550A000B8B196 /* KWProbePoller.m */,
				E6ECBF0A146550A000B8B196 /* KWRaiseMatcher.h */,
				E6ECBF0B146550A000B8B196 /* KWRaiseMatcher.m */,
				E6ECBF0C146550A000B8B196 /* KWReceiveMatcher.h */,
				E6ECBF0D146550A000B8B196 /* KWReceiveMatcher.m */,
				E6ECBF0E146550A000B8B196 /* KWRegisterMatchersNode.h */,
				E6ECBF0F146550A000B8B196 /* KWRegisterMatchersNode.m */,
				E6ECBF10146550A000B8B196 /* KWReporting.h */,
				E6ECBF11146550A000B8B196 /* KWRespondToSelectorMatcher.h */,
				E6ECBF12146550A000B8B196 /* KWRespondToSelectorMatcher.m */,
				E6ECBF13146550A000B8B196 /* KWSpec.h */,
				E6ECBF14146550A000B8B196 /* KWSpec.m */,
				E6ECBF15146550A000B8B196 /* KWStringUtilities.h */,
				E6ECBF16146550A000B8B196 /* KWStringUtilities.m */,
				E6ECBF17146550A000B8B196 /* KWStub.h */,
				E6ECBF18146550A000B8B196 /* KWStub.m */,
				E6ECBF19146550A000B8B196 /* KWTestCase.h */,
				E6ECBF1A146550A000B8B196 /* KWTestCase.m */,
				E6ECBF1B146550A000B8B196 /* KWUserDefinedMatcher.h */,
				E6ECBF1C146550A000B8B196 /* KWUserDefinedMatcher.m */,
				E6ECBF1D146550A000B8B196 /* KWValue.h */,
				E6ECBF1E146550A000B8B196 /* KWValue.m */,
				E6ECBF1F146550A000B8B196 /* KWVerifying.h */,
				E6ECBF20146550A000B8B196 /* KWWorkarounds.h */,
				E6ECBF21146550A000B8B196 /* KWWorkarounds.m */,
				E6ECBF22146550A000B8B196 /* NSInvocation+KiwiAdditions.h */,
				E6ECBF23146550A000B8B196 /* NSInvocation+KiwiAdditions.m */,
				E6ECBF24146550A000B8B196 /* NSMethodSignature+KiwiAdditions.h */,
				E6ECBF25146550A000B8B196 /* NSMethodSignature+KiwiAdditions.m */,
				E6ECBF26146550A000B8B196 /* NSNumber+KiwiAdditions.h */,
				E6ECBF27146550A000B8B196 /* NSNumber+KiwiAdditions.m */,
				E6ECBF28146550A000B8B196 /* NSObject+KiwiMockAdditions.h */,
				E6ECBF29146550A000B8B196 /* NSObject+KiwiMockAdditions.m */,
				E6ECBF2A146550A000B8B196 /* NSObject+KiwiStubAdditions.h */,
				E6ECBF2B146550A000B8B196 /* NSObject+KiwiStubAdditions.m */,
				E6ECBF2C146550A000B8B196 /* NSObject+KiwiVerifierAdditions.h */,
				E6ECBF2D146550A000B8B196 /* NSObject+KiwiVerifierAdditions.m */,
				E6ECBF2E146550A000B8B196 /* NSValue+KiwiAdditions.h */,
				E6ECBF2F146550A000B8B196 /* NSValue+KiwiAdditions.m */,
			);
			path = Kiwi;
			sourceTree = "<group>";
		};
		E6ECBF78146561E100B8B196 /* Specs */ = {
			isa = PBXGroup;
			children = (
				E6ECBF741465513C00B8B196 /* PageControllerSpec.m */,
				E6ECBF791465620200B8B196 /* HorizontalScrollViewControllerSpec.m */,
			);
			name = Specs;
			sourceTree = "<group>";
		};
/* End PBXGroup section */

/* Begin PBXNativeTarget section */
		E620597013CF690C00656735 /* HorizontalScrollViewController */ = {
			isa = PBXNativeTarget;
			buildConfigurationList = E62059A813CF690D00656735 /* Build configuration list for PBXNativeTarget "HorizontalScrollViewController" */;
			buildPhases = (
				E620596D13CF690C00656735 /* Sources */,
				E620596E13CF690C00656735 /* Frameworks */,
				E620596F13CF690C00656735 /* Resources */,
			);
			buildRules = (
			);
			dependencies = (
			);
			name = HorizontalScrollViewController;
			productName = HorizontalScrollViewController;
			productReference = E620597113CF690C00656735 /* HorizontalScrollViewController.app */;
			productType = "com.apple.product-type.application";
		};
		E620599413CF690D00656735 /* HorizontalScrollViewControllerTests */ = {
			isa = PBXNativeTarget;
			buildConfigurationList = E62059AB13CF690D00656735 /* Build configuration list for PBXNativeTarget "HorizontalScrollViewControllerTests" */;
			buildPhases = (
				E620599013CF690D00656735 /* Sources */,
				E620599113CF690D00656735 /* Frameworks */,
				E620599213CF690D00656735 /* Resources */,
				E620599313CF690D00656735 /* ShellScript */,
			);
			buildRules = (
			);
			dependencies = (
				E620599A13CF690D00656735 /* PBXTargetDependency */,
			);
			name = HorizontalScrollViewControllerTests;
			productName = HorizontalScrollViewControllerTests;
			productReference = E620599513CF690D00656735 /* HorizontalScrollViewControllerTests.octest */;
			productType = "com.apple.product-type.bundle";
		};
/* End PBXNativeTarget section */

/* Begin PBXProject section */
		E620596813CF690C00656735 /* Project object */ = {
			isa = PBXProject;
			attributes = {
				ORGANIZATIONNAME = "Unboxed Consulting";
			};
			buildConfigurationList = E620596B13CF690C00656735 /* Build configuration list for PBXProject "HorizontalScrollViewController" */;
			compatibilityVersion = "Xcode 3.2";
			developmentRegion = English;
			hasScannedForEncodings = 0;
			knownRegions = (
				en,
			);
			mainGroup = E620596613CF690C00656735;
			productRefGroup = E620597213CF690C00656735 /* Products */;
			projectDirPath = "";
			projectRoot = "";
			targets = (
				E620597013CF690C00656735 /* HorizontalScrollViewController */,
				E620599413CF690D00656735 /* HorizontalScrollViewControllerTests */,
			);
		};
/* End PBXProject section */

/* Begin PBXResourcesBuildPhase section */
		E620596F13CF690C00656735 /* Resources */ = {
			isa = PBXResourcesBuildPhase;
			buildActionMask = 2147483647;
			files = (
				E620598013CF690C00656735 /* InfoPlist.strings in Resources */,
				E620598913CF690D00656735 /* MainWindow.xib in Resources */,
				E67CB1B61469472A0022FDCF /* LoadingScreenViewController.xib in Resources */,
			);
			runOnlyForDeploymentPostprocessing = 0;
		};
		E620599213CF690D00656735 /* Resources */ = {
			isa = PBXResourcesBuildPhase;
			buildActionMask = 2147483647;
			files = (
				E62059A013CF690D00656735 /* InfoPlist.strings in Resources */,
				E62059A313CF690D00656735 /* HorizontalScrollViewControllerTests.h in Resources */,
				E67CB1B71469472A0022FDCF /* LoadingScreenViewController.xib in Resources */,
			);
			runOnlyForDeploymentPostprocessing = 0;
		};
/* End PBXResourcesBuildPhase section */

/* Begin PBXShellScriptBuildPhase section */
		E620599313CF690D00656735 /* ShellScript */ = {
			isa = PBXShellScriptBuildPhase;
			buildActionMask = 2147483647;
			files = (
			);
			inputPaths = (
			);
			outputPaths = (
			);
			runOnlyForDeploymentPostprocessing = 0;
			shellPath = /bin/sh;
			shellScript = "# Run the unit tests in this test bundle.\n\"${SYSTEM_DEVELOPER_DIR}/Tools/RunUnitTests\"\n";
		};
/* End PBXShellScriptBuildPhase section */

/* Begin PBXSourcesBuildPhase section */
		E620596D13CF690C00656735 /* Sources */ = {
			isa = PBXSourcesBuildPhase;
			buildActionMask = 2147483647;
			files = (
				E620598313CF690C00656735 /* main.m in Sources */,
				E67CB1AA1469472A0022FDCF /* HorizontalScrollViewController.m in Sources */,
				E67CB1AE1469472A0022FDCF /* OrderedListDataSource.m in Sources */,
				E67CB1B01469472A0022FDCF /* PageController.m in Sources */,
				E67CB1B41469472A0022FDCF /* LoadingScreenViewController.m in Sources */,
				E67CB1B81469472A0022FDCF /* HorizontalScrollViewControllerAppDelegate.m in Sources */,
				E67CB1BC146947970022FDCF /* NumbersDataSource.m in Sources */,
				E6D94C0314694D1B00A37234 /* PurplePageController.m in Sources */,
				E67AD65E1469A80D00F972F6 /* TextnumbersDataSource.m in Sources */,
			);
			runOnlyForDeploymentPostprocessing = 0;
		};
		E620599013CF690D00656735 /* Sources */ = {
			isa = PBXSourcesBuildPhase;
			buildActionMask = 2147483647;
			files = (
				E62059A513CF690D00656735 /* HorizontalScrollViewControllerTests.m in Sources */,
				E62059F413CF702400656735 /* OrderedListDataSourceTests.m in Sources */,
				E6EC5A5813CF753300F85BA8 /* DataSourceDelegateMock.m in Sources */,
				E6A0612513D3727E006EE5D0 /* MethodSwizzleHelper.m in Sources */,
				E6A0612913D373EA006EE5D0 /* MainScreenMock.m in Sources */,
				E6ECBF30146550A000B8B196 /* KWAfterAllNode.m in Sources */,
				E6ECBF31146550A000B8B196 /* KWAfterEachNode.m in Sources */,
				E6ECBF32146550A000B8B196 /* KWAsyncVerifier.m in Sources */,
				E6ECBF33146550A000B8B196 /* KWBeBetweenMatcher.m in Sources */,
				E6ECBF34146550A000B8B196 /* KWBeEmptyMatcher.m in Sources */,
				E6ECBF35146550A000B8B196 /* KWBeforeAllNode.m in Sources */,
				E6ECBF36146550A000B8B196 /* KWBeforeEachNode.m in Sources */,
				E6ECBF37146550A000B8B196 /* KWBeIdenticalToMatcher.m in Sources */,
				E6ECBF38146550A000B8B196 /* KWBeKindOfClassMatcher.m in Sources */,
				E6ECBF39146550A000B8B196 /* KWBeMemberOfClassMatcher.m in Sources */,
				E6ECBF3A146550A000B8B196 /* KWBeNilMatcher.m in Sources */,
				E6ECBF3B146550A000B8B196 /* KWBeNonNilMatcher.m in Sources */,
				E6ECBF3C146550A000B8B196 /* KWBeTrueMatcher.m in Sources */,
				E6ECBF3D146550A000B8B196 /* KWBeWithinMatcher.m in Sources */,
				E6ECBF3E146550A000B8B196 /* KWBeZeroMatcher.m in Sources */,
				E6ECBF3F146550A000B8B196 /* KWBlock.m in Sources */,
				E6ECBF40146550A000B8B196 /* KWBlockNode.m in Sources */,
				E6ECBF41146550A000B8B196 /* KWBlockRaiseMatcher.m in Sources */,
				E6ECBF42146550A000B8B196 /* KWCallSite.m in Sources */,
				E6ECBF43146550A000B8B196 /* KWConformToProtocolMatcher.m in Sources */,
				E6ECBF44146550A000B8B196 /* KWContainMatcher.m in Sources */,
				E6ECBF45146550A000B8B196 /* KWContextNode.m in Sources */,
				E6ECBF46146550A000B8B196 /* KWDeviceInfo.m in Sources */,
				E6ECBF47146550A000B8B196 /* KWEqualMatcher.m in Sources */,
				E6ECBF48146550A000B8B196 /* KWExampleGroup.m in Sources */,
				E6ECBF49146550A000B8B196 /* KWExampleGroupBuilder.m in Sources */,
				E6ECBF4A146550A000B8B196 /* KWExistVerifier.m in Sources */,
				E6ECBF4B146550A000B8B196 /* KWFailure.m in Sources */,
				E6ECBF4C146550A000B8B196 /* KWFormatter.m in Sources */,
				E6ECBF4D146550A000B8B196 /* KWFutureObject.m in Sources */,
				E6ECBF4E146550A000B8B196 /* KWHamcrestMatcher.m in Sources */,
				E6ECBF4F146550A000B8B196 /* KWHamrestMatchingAdditions.m in Sources */,
				E6ECBF50146550A000B8B196 /* KWHaveMatcher.m in Sources */,
				E6ECBF51146550A000B8B196 /* KWHaveValueMatcher.m in Sources */,
				E6ECBF52146550A000B8B196 /* KWInequalityMatcher.m in Sources */,
				E6ECBF53146550A000B8B196 /* KWIntercept.m in Sources */,
				E6ECBF54146550A000B8B196 /* KWInvocationCapturer.m in Sources */,
				E6ECBF55146550A000B8B196 /* KWItNode.m in Sources */,
				E6ECBF56146550A000B8B196 /* KWMatcher.m in Sources */,
				E6ECBF57146550A000B8B196 /* KWMatcherFactory.m in Sources */,
				E6ECBF58146550A000B8B196 /* KWMatchers.m in Sources */,
				E6ECBF59146550A000B8B196 /* KWMatchVerifier.m in Sources */,
				E6ECBF5A146550A000B8B196 /* KWMessagePattern.m in Sources */,
				E6ECBF5B146550A000B8B196 /* KWMessageTracker.m in Sources */,
				E6ECBF5C146550A000B8B196 /* KWMock.m in Sources */,
				E6ECBF5D146550A000B8B196 /* KWNull.m in Sources */,
				E6ECBF5E146550A000B8B196 /* KWObjCUtilities.m in Sources */,
				E6ECBF5F146550A000B8B196 /* KWPendingNode.m in Sources */,
				E6ECBF60146550A000B8B196 /* KWProbePoller.m in Sources */,
				E6ECBF61146550A000B8B196 /* KWRaiseMatcher.m in Sources */,
				E6ECBF62146550A000B8B196 /* KWReceiveMatcher.m in Sources */,
				E6ECBF63146550A000B8B196 /* KWRegisterMatchersNode.m in Sources */,
				E6ECBF64146550A000B8B196 /* KWRespondToSelectorMatcher.m in Sources */,
				E6ECBF65146550A000B8B196 /* KWSpec.m in Sources */,
				E6ECBF66146550A000B8B196 /* KWStringUtilities.m in Sources */,
				E6ECBF67146550A000B8B196 /* KWStub.m in Sources */,
				E6ECBF68146550A000B8B196 /* KWTestCase.m in Sources */,
				E6ECBF69146550A000B8B196 /* KWUserDefinedMatcher.m in Sources */,
				E6ECBF6A146550A000B8B196 /* KWValue.m in Sources */,
				E6ECBF6B146550A000B8B196 /* KWWorkarounds.m in Sources */,
				E6ECBF6C146550A000B8B196 /* NSInvocation+KiwiAdditions.m in Sources */,
				E6ECBF6D146550A000B8B196 /* NSMethodSignature+KiwiAdditions.m in Sources */,
				E6ECBF6E146550A000B8B196 /* NSNumber+KiwiAdditions.m in Sources */,
				E6ECBF6F146550A000B8B196 /* NSObject+KiwiMockAdditions.m in Sources */,
				E6ECBF70146550A000B8B196 /* NSObject+KiwiStubAdditions.m in Sources */,
				E6ECBF71146550A000B8B196 /* NSObject+KiwiVerifierAdditions.m in Sources */,
				E6ECBF72146550A000B8B196 /* NSValue+KiwiAdditions.m in Sources */,
				E6ECBF751465513C00B8B196 /* PageControllerSpec.m in Sources */,
				E6ECBF7A1465620200B8B196 /* HorizontalScrollViewControllerSpec.m in Sources */,
				E67CB1AB1469472A0022FDCF /* HorizontalScrollViewController.m in Sources */,
				E67CB1AF1469472A0022FDCF /* OrderedListDataSource.m in Sources */,
				E67CB1B11469472A0022FDCF /* PageController.m in Sources */,
				E67CB1B51469472A0022FDCF /* LoadingScreenViewController.m in Sources */,
				E67CB1B91469472A0022FDCF /* HorizontalScrollViewControllerAppDelegate.m in Sources */,
				E67CB1BD146947970022FDCF /* NumbersDataSource.m in Sources */,
				E6D94C0414694D1B00A37234 /* PurplePageController.m in Sources */,
				E67AD65F1469A80D00F972F6 /* TextnumbersDataSource.m in Sources */,
			);
			runOnlyForDeploymentPostprocessing = 0;
		};
/* End PBXSourcesBuildPhase section */

/* Begin PBXTargetDependency section */
		E620599A13CF690D00656735 /* PBXTargetDependency */ = {
			isa = PBXTargetDependency;
			target = E620597013CF690C00656735 /* HorizontalScrollViewController */;
			targetProxy = E620599913CF690D00656735 /* PBXContainerItemProxy */;
		};
/* End PBXTargetDependency section */

/* Begin PBXVariantGroup section */
		E620597E13CF690C00656735 /* InfoPlist.strings */ = {
			isa = PBXVariantGroup;
			children = (
				E620597F13CF690C00656735 /* en */,
			);
			name = InfoPlist.strings;
			sourceTree = "<group>";
		};
		E620598713CF690D00656735 /* MainWindow.xib */ = {
			isa = PBXVariantGroup;
			children = (
				E620598813CF690D00656735 /* en */,
			);
			name = MainWindow.xib;
			sourceTree = "<group>";
		};
		E620599E13CF690D00656735 /* InfoPlist.strings */ = {
			isa = PBXVariantGroup;
			children = (
				E620599F13CF690D00656735 /* en */,
			);
			name = InfoPlist.strings;
			sourceTree = "<group>";
		};
/* End PBXVariantGroup section */

/* Begin XCBuildConfiguration section */
		E62059A613CF690D00656735 /* Debug */ = {
			isa = XCBuildConfiguration;
			buildSettings = {
				ARCHS = "$(ARCHS_STANDARD_32_BIT)";
				"CODE_SIGN_IDENTITY[sdk=iphoneos*]" = "iPhone Developer";
				GCC_C_LANGUAGE_STANDARD = gnu99;
				GCC_OPTIMIZATION_LEVEL = 0;
				GCC_PREPROCESSOR_DEFINITIONS = DEBUG;
				GCC_SYMBOLS_PRIVATE_EXTERN = NO;
				GCC_VERSION = com.apple.compilers.llvmgcc42;
				GCC_WARN_ABOUT_RETURN_TYPE = YES;
				GCC_WARN_UNUSED_VARIABLE = YES;
				IPHONEOS_DEPLOYMENT_TARGET = 4.3;
				SDKROOT = iphoneos;
			};
			name = Debug;
		};
		E62059A713CF690D00656735 /* Release */ = {
			isa = XCBuildConfiguration;
			buildSettings = {
				ARCHS = "$(ARCHS_STANDARD_32_BIT)";
				"CODE_SIGN_IDENTITY[sdk=iphoneos*]" = "iPhone Developer";
				GCC_C_LANGUAGE_STANDARD = gnu99;
				GCC_VERSION = com.apple.compilers.llvmgcc42;
				GCC_WARN_ABOUT_RETURN_TYPE = YES;
				GCC_WARN_UNUSED_VARIABLE = YES;
				IPHONEOS_DEPLOYMENT_TARGET = 4.3;
				OTHER_CFLAGS = "-DNS_BLOCK_ASSERTIONS=1";
				SDKROOT = iphoneos;
			};
			name = Release;
		};
		E62059A913CF690D00656735 /* Debug */ = {
			isa = XCBuildConfiguration;
			buildSettings = {
				ALWAYS_SEARCH_USER_PATHS = NO;
				COPY_PHASE_STRIP = NO;
				GCC_DYNAMIC_NO_PIC = NO;
				GCC_PRECOMPILE_PREFIX_HEADER = YES;
				GCC_PREFIX_HEADER = "HorizontalScrollViewController/HorizontalScrollViewController-Prefix.pch";
				GCC_TREAT_WARNINGS_AS_ERRORS = YES;
				INFOPLIST_FILE = "HorizontalScrollViewController/HorizontalScrollViewController-Info.plist";
				PRODUCT_NAME = "$(TARGET_NAME)";
				WRAPPER_EXTENSION = app;
			};
			name = Debug;
		};
		E62059AA13CF690D00656735 /* Release */ = {
			isa = XCBuildConfiguration;
			buildSettings = {
				ALWAYS_SEARCH_USER_PATHS = NO;
				COPY_PHASE_STRIP = YES;
				GCC_PRECOMPILE_PREFIX_HEADER = YES;
				GCC_PREFIX_HEADER = "HorizontalScrollViewController/HorizontalScrollViewController-Prefix.pch";
				GCC_TREAT_WARNINGS_AS_ERRORS = YES;
				INFOPLIST_FILE = "HorizontalScrollViewController/HorizontalScrollViewController-Info.plist";
				PRODUCT_NAME = "$(TARGET_NAME)";
				VALIDATE_PRODUCT = YES;
				WRAPPER_EXTENSION = app;
			};
			name = Release;
		};
		E62059AC13CF690D00656735 /* Debug */ = {
			isa = XCBuildConfiguration;
			buildSettings = {
				ALWAYS_SEARCH_USER_PATHS = NO;
				BUNDLE_LOADER = "$(BUILT_PRODUCTS_DIR)/HorizontalScrollViewController.app/HorizontalScrollViewController";
				FRAMEWORK_SEARCH_PATHS = (
					"$(SDKROOT)/Developer/Library/Frameworks",
					"$(DEVELOPER_LIBRARY_DIR)/Frameworks",
				);
				GCC_PRECOMPILE_PREFIX_HEADER = YES;
				GCC_PREFIX_HEADER = "HorizontalScrollViewControllerTests/HorizontalScrollViewControllerTests-Prefix.pch";
				HEADER_SEARCH_PATHS = "\"$(SRCROOT)/HorizontalScrollViewControllerTests/OCMock\"";
				INFOPLIST_FILE = "HorizontalScrollViewControllerTests/HorizontalScrollViewControllerTests-Info.plist";
				LIBRARY_SEARCH_PATHS = (
					"$(inherited)",
					"\"$(SRCROOT)/HorizontalScrollViewControllerTests/OCMock\"",
				);
				OTHER_LDFLAGS = (
					"-framework",
					SenTestingKit,
					"-ObjC",
					"-force_load",
					"$(PROJECT_DIR)/HorizontalScrollViewControllerTests/OCMock/libOCMock.a",
				);
				PRODUCT_NAME = "$(TARGET_NAME)";
				TEST_HOST = "$(BUNDLE_LOADER)";
				WRAPPER_EXTENSION = octest;
			};
			name = Debug;
		};
		E62059AD13CF690D00656735 /* Release */ = {
			isa = XCBuildConfiguration;
			buildSettings = {
				ALWAYS_SEARCH_USER_PATHS = NO;
				BUNDLE_LOADER = "$(BUILT_PRODUCTS_DIR)/HorizontalScrollViewController.app/HorizontalScrollViewController";
				FRAMEWORK_SEARCH_PATHS = (
					"$(SDKROOT)/Developer/Library/Frameworks",
					"$(DEVELOPER_LIBRARY_DIR)/Frameworks",
				);
				GCC_PRECOMPILE_PREFIX_HEADER = YES;
				GCC_PREFIX_HEADER = "HorizontalScrollViewControllerTests/HorizontalScrollViewControllerTests-Prefix.pch";
				HEADER_SEARCH_PATHS = "\"$(SRCROOT)/HorizontalScrollViewControllerTests/OCMock\"";
				INFOPLIST_FILE = "HorizontalScrollViewControllerTests/HorizontalScrollViewControllerTests-Info.plist";
				LIBRARY_SEARCH_PATHS = (
					"$(inherited)",
					"\"$(SRCROOT)/HorizontalScrollViewControllerTests/OCMock\"",
				);
				OTHER_LDFLAGS = (
					"-framework",
					SenTestingKit,
					"-ObjC",
					"-force_load",
					"$(PROJECT_DIR)/HorizontalScrollViewControllerTests/OCMock/libOCMock.a",
				);
				PRODUCT_NAME = "$(TARGET_NAME)";
				TEST_HOST = "$(BUNDLE_LOADER)";
				WRAPPER_EXTENSION = octest;
			};
			name = Release;
		};
/* End XCBuildConfiguration section */

/* Begin XCConfigurationList section */
		E620596B13CF690C00656735 /* Build configuration list for PBXProject "HorizontalScrollViewController" */ = {
			isa = XCConfigurationList;
			buildConfigurations = (
				E62059A613CF690D00656735 /* Debug */,
				E62059A713CF690D00656735 /* Release */,
			);
			defaultConfigurationIsVisible = 0;
			defaultConfigurationName = Release;
		};
		E62059A813CF690D00656735 /* Build configuration list for PBXNativeTarget "HorizontalScrollViewController" */ = {
			isa = XCConfigurationList;
			buildConfigurations = (
				E62059A913CF690D00656735 /* Debug */,
				E62059AA13CF690D00656735 /* Release */,
			);
			defaultConfigurationIsVisible = 0;
			defaultConfigurationName = Release;
		};
		E62059AB13CF690D00656735 /* Build configuration list for PBXNativeTarget "HorizontalScrollViewControllerTests" */ = {
			isa = XCConfigurationList;
			buildConfigurations = (
				E62059AC13CF690D00656735 /* Debug */,
				E62059AD13CF690D00656735 /* Release */,
			);
			defaultConfigurationIsVisible = 0;
			defaultConfigurationName = Release;
		};
/* End XCConfigurationList section */
	};
	rootObject = E620596813CF690C00656735 /* Project object */;
}
